// !$*UTF8*$!
{
	archiveVersion = 1;
	classes = {
	};
	objectVersion = 55;
	objects = {

/* Begin PBXBuildFile section */
		04361F9827969FA90090F31A /* AppDelegate.swift in Sources */ = {isa = PBXBuildFile; fileRef = 04361F9727969FA90090F31A /* AppDelegate.swift */; };
		04361F9C27969FA90090F31A /* ViewController.swift in Sources */ = {isa = PBXBuildFile; fileRef = 04361F9B27969FA90090F31A /* ViewController.swift */; };
		04361F9F27969FA90090F31A /* Main.storyboard in Resources */ = {isa = PBXBuildFile; fileRef = 04361F9D27969FA90090F31A /* Main.storyboard */; };
		04361FA127969FAA0090F31A /* Assets.xcassets in Resources */ = {isa = PBXBuildFile; fileRef = 04361FA027969FAA0090F31A /* Assets.xcassets */; };
		04361FA427969FAA0090F31A /* LaunchScreen.storyboard in Resources */ = {isa = PBXBuildFile; fileRef = 04361FA227969FAA0090F31A /* LaunchScreen.storyboard */; };
		04361FAC2796A18C0090F31A /* TabBarVC.swift in Sources */ = {isa = PBXBuildFile; fileRef = 04361FAB2796A18C0090F31A /* TabBarVC.swift */; };
		04361FB12796A25D0090F31A /* RecordHomeVC.swift in Sources */ = {isa = PBXBuildFile; fileRef = 04361FB02796A25D0090F31A /* RecordHomeVC.swift */; };
		04361FB32796A2680090F31A /* ProjectHomeVC.swift in Sources */ = {isa = PBXBuildFile; fileRef = 04361FB22796A2680090F31A /* ProjectHomeVC.swift */; };
		04361FB52796A2720090F31A /* DailyHomeVC.swift in Sources */ = {isa = PBXBuildFile; fileRef = 04361FB42796A2720090F31A /* DailyHomeVC.swift */; };
		090620F1286A91160086597F /* LockTools.swift in Sources */ = {isa = PBXBuildFile; fileRef = 090620F0286A91160086597F /* LockTools.swift */; };
		0927A5E4285C042D00CE2AF6 /* CircularSlider.swift in Sources */ = {isa = PBXBuildFile; fileRef = 0927A5E3285C042D00CE2AF6 /* CircularSlider.swift */; };
		09364DF1286470ED00EA86BF /* JavaVC.swift in Sources */ = {isa = PBXBuildFile; fileRef = 09364DF0286470ED00EA86BF /* JavaVC.swift */; };
		093706522856CEE100445EDF /* TemplateView.swift in Sources */ = {isa = PBXBuildFile; fileRef = 093706512856CEE100445EDF /* TemplateView.swift */; };
		09370654285710E200445EDF /* Config.swift in Sources */ = {isa = PBXBuildFile; fileRef = 09370653285710E200445EDF /* Config.swift */; };
		09370657285713BB00445EDF /* DirectionVC.swift in Sources */ = {isa = PBXBuildFile; fileRef = 09370656285713BB00445EDF /* DirectionVC.swift */; };
		0937065A285738D300445EDF /* SwiftyJSONVC.swift in Sources */ = {isa = PBXBuildFile; fileRef = 09370659285738D300445EDF /* SwiftyJSONVC.swift */; };
		093DB01428F6E2FA0048C089 /* OptionDelegateVC.swift in Sources */ = {isa = PBXBuildFile; fileRef = 093DB01328F6E2FA0048C089 /* OptionDelegateVC.swift */; };
		093DB01628F6E3600048C089 /* ODHomeView.swift in Sources */ = {isa = PBXBuildFile; fileRef = 093DB01528F6E3600048C089 /* ODHomeView.swift */; };
		093DB01B28F7F30F0048C089 /* JJYilanLVideoCell.swift in Sources */ = {isa = PBXBuildFile; fileRef = 093DB01A28F7F30F0048C089 /* JJYilanLVideoCell.swift */; };
		0956EFB62856CBF100D1038B /* JJHintView.swift in Sources */ = {isa = PBXBuildFile; fileRef = 0956EFB52856CBF000D1038B /* JJHintView.swift */; };
		095C803F28F2A7B5005B0E0D /* FMDBVC.swift in Sources */ = {isa = PBXBuildFile; fileRef = 095C803E28F2A7B5005B0E0D /* FMDBVC.swift */; };
		095C804428F3CA76005B0E0D /* YilanVideoVC.swift in Sources */ = {isa = PBXBuildFile; fileRef = 095C804328F3CA76005B0E0D /* YilanVideoVC.swift */; };
		095C804628F3CAC9005B0E0D /* JJHomeBaseCell.swift in Sources */ = {isa = PBXBuildFile; fileRef = 095C804528F3CAC9005B0E0D /* JJHomeBaseCell.swift */; };
		095C804828F3CAD0005B0E0D /* JJYilanVideoCell.swift in Sources */ = {isa = PBXBuildFile; fileRef = 095C804728F3CAD0005B0E0D /* JJYilanVideoCell.swift */; };
		0978A8AF2869C15A00A059A3 /* PTools.swift in Sources */ = {isa = PBXBuildFile; fileRef = 0978A8AE2869C15A00A059A3 /* PTools.swift */; };
		097AD597285AC7E000B0A5EB /* LockView.swift in Sources */ = {isa = PBXBuildFile; fileRef = 097AD596285AC7E000B0A5EB /* LockView.swift */; };
		0986B8852872C44100295DA8 /* CircleVC.swift in Sources */ = {isa = PBXBuildFile; fileRef = 0986B8842872C44100295DA8 /* CircleVC.swift */; };
		0986B8892872C4C400295DA8 /* JXCircleSlider.m in Sources */ = {isa = PBXBuildFile; fileRef = 0986B8882872C4C400295DA8 /* JXCircleSlider.m */; };
		0986B88B2872D88A00295DA8 /* CircleSlider.swift in Sources */ = {isa = PBXBuildFile; fileRef = 0986B88A2872D88900295DA8 /* CircleSlider.swift */; };
		098C4A3E2859731100A79FA5 /* CycleVC.swift in Sources */ = {isa = PBXBuildFile; fileRef = 098C4A3D2859731100A79FA5 /* CycleVC.swift */; };
		098C4A412859840300A79FA5 /* TimerVC.swift in Sources */ = {isa = PBXBuildFile; fileRef = 098C4A402859840300A79FA5 /* TimerVC.swift */; };
		098C4A432859B10300A79FA5 /* KTimer.swift in Sources */ = {isa = PBXBuildFile; fileRef = 098C4A422859B10300A79FA5 /* KTimer.swift */; };
		098C4A482859FD5100A79FA5 /* LockVC.swift in Sources */ = {isa = PBXBuildFile; fileRef = 098C4A472859FD5100A79FA5 /* LockVC.swift */; };
		09A144762858207C001E9280 /* ThirdLibVC.swift in Sources */ = {isa = PBXBuildFile; fileRef = 09A144752858207C001E9280 /* ThirdLibVC.swift */; };
		09A1447B2858354C001E9280 /* JXSegmentedVC.swift in Sources */ = {isa = PBXBuildFile; fileRef = 09A1447A2858354C001E9280 /* JXSegmentedVC.swift */; };
		09A1447D285835EF001E9280 /* ListBaseViewController.swift in Sources */ = {isa = PBXBuildFile; fileRef = 09A1447C285835EF001E9280 /* ListBaseViewController.swift */; };
		09A14481285836B4001E9280 /* SPPageMenuChildVC.swift in Sources */ = {isa = PBXBuildFile; fileRef = 09A1447F285836B4001E9280 /* SPPageMenuChildVC.swift */; };
		09A14482285836B4001E9280 /* SPPageMenuVC.swift in Sources */ = {isa = PBXBuildFile; fileRef = 09A14480285836B4001E9280 /* SPPageMenuVC.swift */; };
		09A144852858385E001E9280 /* SystemFontVC.swift in Sources */ = {isa = PBXBuildFile; fileRef = 09A144842858385E001E9280 /* SystemFontVC.swift */; };
		09A144882858448B001E9280 /* MainView.swift in Sources */ = {isa = PBXBuildFile; fileRef = 09A144872858448B001E9280 /* MainView.swift */; };
		09A1448B28586B6A001E9280 /* ToolsVC.swift in Sources */ = {isa = PBXBuildFile; fileRef = 09A1448A28586B6A001E9280 /* ToolsVC.swift */; };
		09A1448D28589C37001E9280 /* DeleteVC.swift in Sources */ = {isa = PBXBuildFile; fileRef = 09A1448C28589C37001E9280 /* DeleteVC.swift */; };
		09C7E10C28F9535400BBADCC /* JJYilanDetailVideoInfoCell.swift in Sources */ = {isa = PBXBuildFile; fileRef = 09C7E10B28F9535400BBADCC /* JJYilanDetailVideoInfoCell.swift */; };
		09C7E11028FA481600BBADCC /* JJAdLImageRTextCell.swift in Sources */ = {isa = PBXBuildFile; fileRef = 09C7E10F28FA481600BBADCC /* JJAdLImageRTextCell.swift */; };
		09C7E11228FA497E00BBADCC /* JJAdTopTextThreeImageCell.swift in Sources */ = {isa = PBXBuildFile; fileRef = 09C7E11128FA497E00BBADCC /* JJAdTopTextThreeImageCell.swift */; };
		09C7E11428FA624400BBADCC /* JJEmptyCell.swift in Sources */ = {isa = PBXBuildFile; fileRef = 09C7E11328FA624400BBADCC /* JJEmptyCell.swift */; };
		29037D48283C68F8001FB744 /* JJShimmerView.swift in Sources */ = {isa = PBXBuildFile; fileRef = 29037D47283C68F8001FB744 /* JJShimmerView.swift */; };
		29037D4A283C6927001FB744 /* ShimmerVC.swift in Sources */ = {isa = PBXBuildFile; fileRef = 29037D49283C6927001FB744 /* ShimmerVC.swift */; };
		29037D4F283CBB6F001FB744 /* WebViewVC.swift in Sources */ = {isa = PBXBuildFile; fileRef = 29037D4E283CBB6F001FB744 /* WebViewVC.swift */; };
		29037D51283CBC0D001FB744 /* ShimmerProtocol.swift in Sources */ = {isa = PBXBuildFile; fileRef = 29037D50283CBC0D001FB744 /* ShimmerProtocol.swift */; };
		291F5F0D2838FF7A00570E58 /* KTools.swift in Sources */ = {isa = PBXBuildFile; fileRef = 291F5F0C2838FF7A00570E58 /* KTools.swift */; };
		291F5F0F2838FF9D00570E58 /* KUIKit.swift in Sources */ = {isa = PBXBuildFile; fileRef = 291F5F0E2838FF9D00570E58 /* KUIKit.swift */; };
		291F5F142839028F00570E58 /* RootHomeVC.swift in Sources */ = {isa = PBXBuildFile; fileRef = 291F5F132839028F00570E58 /* RootHomeVC.swift */; };
		294E1AE7284DB79D0038EBD3 /* ActiveVC.swift in Sources */ = {isa = PBXBuildFile; fileRef = 294E1AE6284DB79D0038EBD3 /* ActiveVC.swift */; };
		294E1AEA284DD3E60038EBD3 /* KConstant.swift in Sources */ = {isa = PBXBuildFile; fileRef = 294E1AE9284DD3E60038EBD3 /* KConstant.swift */; };
		294E1AED284DFC220038EBD3 /* KeychainVC.swift in Sources */ = {isa = PBXBuildFile; fileRef = 294E1AEC284DFC220038EBD3 /* KeychainVC.swift */; };
		294F9E16283CDE4100D15B21 /* MethodSwizzlingVC.swift in Sources */ = {isa = PBXBuildFile; fileRef = 294F9E15283CDE4100D15B21 /* MethodSwizzlingVC.swift */; };
		294F9E18283CE94400D15B21 /* MethodSwizzlingExtension.swift in Sources */ = {isa = PBXBuildFile; fileRef = 294F9E17283CE94400D15B21 /* MethodSwizzlingExtension.swift */; };
		2950075328ED2400009A2016 /* VideoPlayerVC.swift in Sources */ = {isa = PBXBuildFile; fileRef = 2950075228ED2400009A2016 /* VideoPlayerVC.swift */; };
		2950075628ED2591009A2016 /* OwnAVPlayer.swift in Sources */ = {isa = PBXBuildFile; fileRef = 2950075528ED2591009A2016 /* OwnAVPlayer.swift */; };
		2950075928ED25BF009A2016 /* BMPlayerVC.swift in Sources */ = {isa = PBXBuildFile; fileRef = 2950075828ED25BF009A2016 /* BMPlayerVC.swift */; };
		2950075D28ED2842009A2016 /* video.mp4 in Resources */ = {isa = PBXBuildFile; fileRef = 2950075C28ED2842009A2016 /* video.mp4 */; };
		2950076028ED2E27009A2016 /* JJPlayerVC.swift in Sources */ = {isa = PBXBuildFile; fileRef = 2950075F28ED2E27009A2016 /* JJPlayerVC.swift */; };
		2950076928ED2E7C009A2016 /* JJBaseNavigationView.m in Sources */ = {isa = PBXBuildFile; fileRef = 2950076428ED2E7C009A2016 /* JJBaseNavigationView.m */; };
		2950076A28ED2E7C009A2016 /* JJBaseListViewController.m in Sources */ = {isa = PBXBuildFile; fileRef = 2950076528ED2E7C009A2016 /* JJBaseListViewController.m */; };
		2950076B28ED2E7C009A2016 /* JJBaseViewController.m in Sources */ = {isa = PBXBuildFile; fileRef = 2950076628ED2E7C009A2016 /* JJBaseViewController.m */; };
		2950079C28ED2E8A009A2016 /* JJVideoTest1ViewController.m in Sources */ = {isa = PBXBuildFile; fileRef = 2950076D28ED2E89009A2016 /* JJVideoTest1ViewController.m */; };
		2950079D28ED2E8A009A2016 /* JJSlider.m in Sources */ = {isa = PBXBuildFile; fileRef = 2950077328ED2E89009A2016 /* JJSlider.m */; };
		2950079E28ED2E8A009A2016 /* JJAnimationView.m in Sources */ = {isa = PBXBuildFile; fileRef = 2950077528ED2E89009A2016 /* JJAnimationView.m */; };
		2950079F28ED2E8A009A2016 /* JJVideoPlayer.m in Sources */ = {isa = PBXBuildFile; fileRef = 2950077728ED2E89009A2016 /* JJVideoPlayer.m */; };
		295007A028ED2E8A009A2016 /* JJPlayerView.m in Sources */ = {isa = PBXBuildFile; fileRef = 2950077A28ED2E89009A2016 /* JJPlayerView.m */; };
		295007A128ED2E8A009A2016 /* JJVideoModel.m in Sources */ = {isa = PBXBuildFile; fileRef = 2950077B28ED2E89009A2016 /* JJVideoModel.m */; };
		295007A228ED2E8A009A2016 /* JJPlayerMaskView.m in Sources */ = {isa = PBXBuildFile; fileRef = 2950077E28ED2E89009A2016 /* JJPlayerMaskView.m */; };
		295007A328ED2E8A009A2016 /* video_h_0.MP4 in Resources */ = {isa = PBXBuildFile; fileRef = 2950078128ED2E89009A2016 /* video_h_0.MP4 */; };
		295007A428ED2E8A009A2016 /* video4.mov in Resources */ = {isa = PBXBuildFile; fileRef = 2950078228ED2E89009A2016 /* video4.mov */; };
		295007A528ED2E8A009A2016 /* video_h_1.MP4 in Resources */ = {isa = PBXBuildFile; fileRef = 2950078328ED2E89009A2016 /* video_h_1.MP4 */; };
		295007A628ED2E8A009A2016 /* video6.mov in Resources */ = {isa = PBXBuildFile; fileRef = 2950078428ED2E89009A2016 /* video6.mov */; };
		295007A728ED2E8A009A2016 /* video_h_2.MP4 in Resources */ = {isa = PBXBuildFile; fileRef = 2950078528ED2E89009A2016 /* video_h_2.MP4 */; };
		295007A828ED2E8A009A2016 /* video2.mov in Resources */ = {isa = PBXBuildFile; fileRef = 2950078628ED2E89009A2016 /* video2.mov */; };
		295007A928ED2E8A009A2016 /* video5.mp4 in Resources */ = {isa = PBXBuildFile; fileRef = 2950078728ED2E89009A2016 /* video5.mp4 */; };
		295007AA28ED2E8A009A2016 /* video1.mp4 in Resources */ = {isa = PBXBuildFile; fileRef = 2950078828ED2E89009A2016 /* video1.mp4 */; };
		295007AB28ED2E8A009A2016 /* video3.mp4 in Resources */ = {isa = PBXBuildFile; fileRef = 2950078928ED2E89009A2016 /* video3.mp4 */; };
		295007AC28ED2E8A009A2016 /* JJPlayer.bundle in Resources */ = {isa = PBXBuildFile; fileRef = 2950078A28ED2E8A009A2016 /* JJPlayer.bundle */; };
		295007AD28ED2E8A009A2016 /* UIImage+JJPlayer.m in Sources */ = {isa = PBXBuildFile; fileRef = 2950078B28ED2E8A009A2016 /* UIImage+JJPlayer.m */; };
		295007AE28ED2E8A009A2016 /* JJVideoData.plist in Resources */ = {isa = PBXBuildFile; fileRef = 2950078E28ED2E8A009A2016 /* JJVideoData.plist */; };
		295007AF28ED2E8A009A2016 /* JJVideoViewController.m in Sources */ = {isa = PBXBuildFile; fileRef = 2950079028ED2E8A009A2016 /* JJVideoViewController.m */; };
		295007B028ED2E8A009A2016 /* JJVideoTest5ViewController.m in Sources */ = {isa = PBXBuildFile; fileRef = 2950079128ED2E8A009A2016 /* JJVideoTest5ViewController.m */; };
		295007B128ED2E8A009A2016 /* JJVideoTableViewCell.m in Sources */ = {isa = PBXBuildFile; fileRef = 2950079428ED2E8A009A2016 /* JJVideoTableViewCell.m */; };
		295007B228ED2E8A009A2016 /* JJVideoTest2ViewController.m in Sources */ = {isa = PBXBuildFile; fileRef = 2950079628ED2E8A009A2016 /* JJVideoTest2ViewController.m */; };
		295007B328ED2E8A009A2016 /* JJVideoTest3ViewController.m in Sources */ = {isa = PBXBuildFile; fileRef = 2950079728ED2E8A009A2016 /* JJVideoTest3ViewController.m */; };
		295007B428ED2E8A009A2016 /* JJVideoTest4ViewController.m in Sources */ = {isa = PBXBuildFile; fileRef = 2950079828ED2E8A009A2016 /* JJVideoTest4ViewController.m */; };
		295007B528ED2E8A009A2016 /* JJVideoTableHeaderView.m in Sources */ = {isa = PBXBuildFile; fileRef = 2950079B28ED2E8A009A2016 /* JJVideoTableHeaderView.m */; };
		295007BB28ED31DC009A2016 /* JJTableView.m in Sources */ = {isa = PBXBuildFile; fileRef = 295007BA28ED31DC009A2016 /* JJTableView.m */; };
		29502675283F202E00AD70C9 /* DZNEmptyDataVC.swift in Sources */ = {isa = PBXBuildFile; fileRef = 29502674283F202E00AD70C9 /* DZNEmptyDataVC.swift */; };
		2971E31E2855F0D4004DBAC0 /* AFNetWork.swift in Sources */ = {isa = PBXBuildFile; fileRef = 2971E31D2855F0D4004DBAC0 /* AFNetWork.swift */; };
		2971E3212855F195004DBAC0 /* AlamofireVC.swift in Sources */ = {isa = PBXBuildFile; fileRef = 2971E3202855F195004DBAC0 /* AlamofireVC.swift */; };
		299355A5284EF82900303938 /* OceanEngineHandler.swift in Sources */ = {isa = PBXBuildFile; fileRef = 299355A4284EF82900303938 /* OceanEngineHandler.swift */; };
		299355A7284F27F000303938 /* DeviceManager.swift in Sources */ = {isa = PBXBuildFile; fileRef = 299355A6284F27F000303938 /* DeviceManager.swift */; };
		299355AB284F576800303938 /* String+Ex.swift in Sources */ = {isa = PBXBuildFile; fileRef = 299355AA284F576800303938 /* String+Ex.swift */; };
		29D424DB283E23390032CF9A /* HintVC.swift in Sources */ = {isa = PBXBuildFile; fileRef = 29D424DA283E23390032CF9A /* HintVC.swift */; };
		29E6C14B283DC30F00198372 /* ShapeVC.swift in Sources */ = {isa = PBXBuildFile; fileRef = 29E6C14A283DC30F00198372 /* ShapeVC.swift */; };
		29EC6851283B4106004F2D39 /* KCellModel.swift in Sources */ = {isa = PBXBuildFile; fileRef = 29EC6850283B4106004F2D39 /* KCellModel.swift */; };
		29EC6854283B4685004F2D39 /* DNavigationBarVC.swift in Sources */ = {isa = PBXBuildFile; fileRef = 29EC6853283B4684004F2D39 /* DNavigationBarVC.swift */; };
		29EC6856283B638B004F2D39 /* DNavigationBarVC1.swift in Sources */ = {isa = PBXBuildFile; fileRef = 29EC6855283B638B004F2D39 /* DNavigationBarVC1.swift */; };
		29EC6858283B6694004F2D39 /* DNavigationBarVC2.swift in Sources */ = {isa = PBXBuildFile; fileRef = 29EC6857283B6694004F2D39 /* DNavigationBarVC2.swift */; };
		29EC685A283B6A7B004F2D39 /* DNavigationBarVC3.swift in Sources */ = {isa = PBXBuildFile; fileRef = 29EC6859283B6A7B004F2D39 /* DNavigationBarVC3.swift */; };
		29EC685E283B6DE9004F2D39 /* RootNavController.swift in Sources */ = {isa = PBXBuildFile; fileRef = 29EC685D283B6DE9004F2D39 /* RootNavController.swift */; };
		B5C0B57E88B66682C4B3715E /* Pods_KZSwift.framework in Frameworks */ = {isa = PBXBuildFile; fileRef = 6CCE290B9A7357D553BCE2FD /* Pods_KZSwift.framework */; };
/* End PBXBuildFile section */

/* Begin PBXFileReference section */
		04361F9427969FA90090F31A /* KZSwift.app */ = {isa = PBXFileReference; explicitFileType = wrapper.application; includeInIndex = 0; path = KZSwift.app; sourceTree = BUILT_PRODUCTS_DIR; };
		04361F9727969FA90090F31A /* AppDelegate.swift */ = {isa = PBXFileReference; lastKnownFileType = sourcecode.swift; path = AppDelegate.swift; sourceTree = "<group>"; };
		04361F9B27969FA90090F31A /* ViewController.swift */ = {isa = PBXFileReference; lastKnownFileType = sourcecode.swift; path = ViewController.swift; sourceTree = "<group>"; };
		04361F9E27969FA90090F31A /* Base */ = {isa = PBXFileReference; lastKnownFileType = file.storyboard; name = Base; path = Base.lproj/Main.storyboard; sourceTree = "<group>"; };
		04361FA027969FAA0090F31A /* Assets.xcassets */ = {isa = PBXFileReference; lastKnownFileType = folder.assetcatalog; path = Assets.xcassets; sourceTree = "<group>"; };
		04361FA327969FAA0090F31A /* Base */ = {isa = PBXFileReference; lastKnownFileType = file.storyboard; name = Base; path = Base.lproj/LaunchScreen.storyboard; sourceTree = "<group>"; };
		04361FA527969FAA0090F31A /* Info.plist */ = {isa = PBXFileReference; lastKnownFileType = text.plist.xml; path = Info.plist; sourceTree = "<group>"; };
		04361FAB2796A18C0090F31A /* TabBarVC.swift */ = {isa = PBXFileReference; lastKnownFileType = sourcecode.swift; path = TabBarVC.swift; sourceTree = "<group>"; };
		04361FB02796A25D0090F31A /* RecordHomeVC.swift */ = {isa = PBXFileReference; lastKnownFileType = sourcecode.swift; path = RecordHomeVC.swift; sourceTree = "<group>"; };
		04361FB22796A2680090F31A /* ProjectHomeVC.swift */ = {isa = PBXFileReference; lastKnownFileType = sourcecode.swift; path = ProjectHomeVC.swift; sourceTree = "<group>"; };
		04361FB42796A2720090F31A /* DailyHomeVC.swift */ = {isa = PBXFileReference; lastKnownFileType = sourcecode.swift; path = DailyHomeVC.swift; sourceTree = "<group>"; };
		090620F0286A91160086597F /* LockTools.swift */ = {isa = PBXFileReference; lastKnownFileType = sourcecode.swift; path = LockTools.swift; sourceTree = "<group>"; };
		0927A5E3285C042D00CE2AF6 /* CircularSlider.swift */ = {isa = PBXFileReference; lastKnownFileType = sourcecode.swift; path = CircularSlider.swift; sourceTree = "<group>"; };
		09364DF0286470ED00EA86BF /* JavaVC.swift */ = {isa = PBXFileReference; lastKnownFileType = sourcecode.swift; path = JavaVC.swift; sourceTree = "<group>"; };
		093706512856CEE100445EDF /* TemplateView.swift */ = {isa = PBXFileReference; lastKnownFileType = sourcecode.swift; path = TemplateView.swift; sourceTree = "<group>"; };
		09370653285710E200445EDF /* Config.swift */ = {isa = PBXFileReference; lastKnownFileType = sourcecode.swift; path = Config.swift; sourceTree = "<group>"; };
		09370656285713BB00445EDF /* DirectionVC.swift */ = {isa = PBXFileReference; lastKnownFileType = sourcecode.swift; path = DirectionVC.swift; sourceTree = "<group>"; };
		09370659285738D300445EDF /* SwiftyJSONVC.swift */ = {isa = PBXFileReference; lastKnownFileType = sourcecode.swift; path = SwiftyJSONVC.swift; sourceTree = "<group>"; };
		093DB01328F6E2FA0048C089 /* OptionDelegateVC.swift */ = {isa = PBXFileReference; lastKnownFileType = sourcecode.swift; path = OptionDelegateVC.swift; sourceTree = "<group>"; };
		093DB01528F6E3600048C089 /* ODHomeView.swift */ = {isa = PBXFileReference; lastKnownFileType = sourcecode.swift; path = ODHomeView.swift; sourceTree = "<group>"; };
		093DB01A28F7F30F0048C089 /* JJYilanLVideoCell.swift */ = {isa = PBXFileReference; fileEncoding = 4; lastKnownFileType = sourcecode.swift; path = JJYilanLVideoCell.swift; sourceTree = "<group>"; };
		0956EFB52856CBF000D1038B /* JJHintView.swift */ = {isa = PBXFileReference; fileEncoding = 4; lastKnownFileType = sourcecode.swift; path = JJHintView.swift; sourceTree = "<group>"; };
		095C803E28F2A7B5005B0E0D /* FMDBVC.swift */ = {isa = PBXFileReference; lastKnownFileType = sourcecode.swift; path = FMDBVC.swift; sourceTree = "<group>"; };
		095C804328F3CA76005B0E0D /* YilanVideoVC.swift */ = {isa = PBXFileReference; lastKnownFileType = sourcecode.swift; path = YilanVideoVC.swift; sourceTree = "<group>"; };
		095C804528F3CAC9005B0E0D /* JJHomeBaseCell.swift */ = {isa = PBXFileReference; fileEncoding = 4; lastKnownFileType = sourcecode.swift; path = JJHomeBaseCell.swift; sourceTree = "<group>"; };
		095C804728F3CAD0005B0E0D /* JJYilanVideoCell.swift */ = {isa = PBXFileReference; fileEncoding = 4; lastKnownFileType = sourcecode.swift; path = JJYilanVideoCell.swift; sourceTree = "<group>"; };
		0978A8AE2869C15A00A059A3 /* PTools.swift */ = {isa = PBXFileReference; lastKnownFileType = sourcecode.swift; path = PTools.swift; sourceTree = "<group>"; };
		097AD596285AC7E000B0A5EB /* LockView.swift */ = {isa = PBXFileReference; lastKnownFileType = sourcecode.swift; path = LockView.swift; sourceTree = "<group>"; };
		0986B8842872C44100295DA8 /* CircleVC.swift */ = {isa = PBXFileReference; lastKnownFileType = sourcecode.swift; path = CircleVC.swift; sourceTree = "<group>"; };
		0986B8862872C4C300295DA8 /* KZSwift-Bridging-Header.h */ = {isa = PBXFileReference; lastKnownFileType = sourcecode.c.h; path = "KZSwift-Bridging-Header.h"; sourceTree = "<group>"; };
		0986B8872872C4C400295DA8 /* JXCircleSlider.h */ = {isa = PBXFileReference; fileEncoding = 4; lastKnownFileType = sourcecode.c.h; path = JXCircleSlider.h; sourceTree = "<group>"; };
		0986B8882872C4C400295DA8 /* JXCircleSlider.m */ = {isa = PBXFileReference; fileEncoding = 4; lastKnownFileType = sourcecode.c.objc; path = JXCircleSlider.m; sourceTree = "<group>"; };
		0986B88A2872D88900295DA8 /* CircleSlider.swift */ = {isa = PBXFileReference; lastKnownFileType = sourcecode.swift; path = CircleSlider.swift; sourceTree = "<group>"; };
		098C4A3D2859731100A79FA5 /* CycleVC.swift */ = {isa = PBXFileReference; lastKnownFileType = sourcecode.swift; path = CycleVC.swift; sourceTree = "<group>"; };
		098C4A402859840300A79FA5 /* TimerVC.swift */ = {isa = PBXFileReference; lastKnownFileType = sourcecode.swift; path = TimerVC.swift; sourceTree = "<group>"; };
		098C4A422859B10300A79FA5 /* KTimer.swift */ = {isa = PBXFileReference; lastKnownFileType = sourcecode.swift; path = KTimer.swift; sourceTree = "<group>"; };
		098C4A472859FD5100A79FA5 /* LockVC.swift */ = {isa = PBXFileReference; lastKnownFileType = sourcecode.swift; path = LockVC.swift; sourceTree = "<group>"; };
		09A144752858207C001E9280 /* ThirdLibVC.swift */ = {isa = PBXFileReference; lastKnownFileType = sourcecode.swift; path = ThirdLibVC.swift; sourceTree = "<group>"; };
		09A1447A2858354C001E9280 /* JXSegmentedVC.swift */ = {isa = PBXFileReference; lastKnownFileType = sourcecode.swift; path = JXSegmentedVC.swift; sourceTree = "<group>"; };
		09A1447C285835EF001E9280 /* ListBaseViewController.swift */ = {isa = PBXFileReference; fileEncoding = 4; lastKnownFileType = sourcecode.swift; path = ListBaseViewController.swift; sourceTree = "<group>"; };
		09A1447F285836B4001E9280 /* SPPageMenuChildVC.swift */ = {isa = PBXFileReference; fileEncoding = 4; lastKnownFileType = sourcecode.swift; path = SPPageMenuChildVC.swift; sourceTree = "<group>"; };
		09A14480285836B4001E9280 /* SPPageMenuVC.swift */ = {isa = PBXFileReference; fileEncoding = 4; lastKnownFileType = sourcecode.swift; path = SPPageMenuVC.swift; sourceTree = "<group>"; };
		09A144842858385E001E9280 /* SystemFontVC.swift */ = {isa = PBXFileReference; fileEncoding = 4; lastKnownFileType = sourcecode.swift; path = SystemFontVC.swift; sourceTree = "<group>"; };
		09A144872858448B001E9280 /* MainView.swift */ = {isa = PBXFileReference; lastKnownFileType = sourcecode.swift; path = MainView.swift; sourceTree = "<group>"; };
		09A1448A28586B6A001E9280 /* ToolsVC.swift */ = {isa = PBXFileReference; lastKnownFileType = sourcecode.swift; path = ToolsVC.swift; sourceTree = "<group>"; };
		09A1448C28589C37001E9280 /* DeleteVC.swift */ = {isa = PBXFileReference; lastKnownFileType = sourcecode.swift; path = DeleteVC.swift; sourceTree = "<group>"; };
		09C7E10B28F9535400BBADCC /* JJYilanDetailVideoInfoCell.swift */ = {isa = PBXFileReference; fileEncoding = 4; lastKnownFileType = sourcecode.swift; path = JJYilanDetailVideoInfoCell.swift; sourceTree = "<group>"; };
		09C7E10F28FA481600BBADCC /* JJAdLImageRTextCell.swift */ = {isa = PBXFileReference; fileEncoding = 4; lastKnownFileType = sourcecode.swift; path = JJAdLImageRTextCell.swift; sourceTree = "<group>"; };
		09C7E11128FA497E00BBADCC /* JJAdTopTextThreeImageCell.swift */ = {isa = PBXFileReference; fileEncoding = 4; lastKnownFileType = sourcecode.swift; path = JJAdTopTextThreeImageCell.swift; sourceTree = "<group>"; };
		09C7E11328FA624400BBADCC /* JJEmptyCell.swift */ = {isa = PBXFileReference; lastKnownFileType = sourcecode.swift; path = JJEmptyCell.swift; sourceTree = "<group>"; };
		29037D47283C68F8001FB744 /* JJShimmerView.swift */ = {isa = PBXFileReference; fileEncoding = 4; lastKnownFileType = sourcecode.swift; path = JJShimmerView.swift; sourceTree = "<group>"; };
		29037D49283C6927001FB744 /* ShimmerVC.swift */ = {isa = PBXFileReference; lastKnownFileType = sourcecode.swift; path = ShimmerVC.swift; sourceTree = "<group>"; };
		29037D4E283CBB6F001FB744 /* WebViewVC.swift */ = {isa = PBXFileReference; lastKnownFileType = sourcecode.swift; path = WebViewVC.swift; sourceTree = "<group>"; };
		29037D50283CBC0D001FB744 /* ShimmerProtocol.swift */ = {isa = PBXFileReference; lastKnownFileType = sourcecode.swift; path = ShimmerProtocol.swift; sourceTree = "<group>"; };
		291F5F0C2838FF7A00570E58 /* KTools.swift */ = {isa = PBXFileReference; fileEncoding = 4; lastKnownFileType = sourcecode.swift; path = KTools.swift; sourceTree = "<group>"; };
		291F5F0E2838FF9D00570E58 /* KUIKit.swift */ = {isa = PBXFileReference; fileEncoding = 4; lastKnownFileType = sourcecode.swift; path = KUIKit.swift; sourceTree = "<group>"; };
		291F5F132839028F00570E58 /* RootHomeVC.swift */ = {isa = PBXFileReference; lastKnownFileType = sourcecode.swift; path = RootHomeVC.swift; sourceTree = "<group>"; };
		294E1AE6284DB79D0038EBD3 /* ActiveVC.swift */ = {isa = PBXFileReference; lastKnownFileType = sourcecode.swift; path = ActiveVC.swift; sourceTree = "<group>"; };
		294E1AE9284DD3E60038EBD3 /* KConstant.swift */ = {isa = PBXFileReference; lastKnownFileType = sourcecode.swift; path = KConstant.swift; sourceTree = "<group>"; };
		294E1AEC284DFC220038EBD3 /* KeychainVC.swift */ = {isa = PBXFileReference; lastKnownFileType = sourcecode.swift; path = KeychainVC.swift; sourceTree = "<group>"; };
		294F9E15283CDE4100D15B21 /* MethodSwizzlingVC.swift */ = {isa = PBXFileReference; lastKnownFileType = sourcecode.swift; path = MethodSwizzlingVC.swift; sourceTree = "<group>"; };
		294F9E17283CE94400D15B21 /* MethodSwizzlingExtension.swift */ = {isa = PBXFileReference; lastKnownFileType = sourcecode.swift; path = MethodSwizzlingExtension.swift; sourceTree = "<group>"; };
		2950075228ED2400009A2016 /* VideoPlayerVC.swift */ = {isa = PBXFileReference; lastKnownFileType = sourcecode.swift; path = VideoPlayerVC.swift; sourceTree = "<group>"; };
		2950075528ED2591009A2016 /* OwnAVPlayer.swift */ = {isa = PBXFileReference; lastKnownFileType = sourcecode.swift; path = OwnAVPlayer.swift; sourceTree = "<group>"; };
		2950075828ED25BF009A2016 /* BMPlayerVC.swift */ = {isa = PBXFileReference; lastKnownFileType = sourcecode.swift; path = BMPlayerVC.swift; sourceTree = "<group>"; };
		2950075C28ED2842009A2016 /* video.mp4 */ = {isa = PBXFileReference; lastKnownFileType = file; path = video.mp4; sourceTree = "<group>"; };
		2950075F28ED2E27009A2016 /* JJPlayerVC.swift */ = {isa = PBXFileReference; lastKnownFileType = sourcecode.swift; path = JJPlayerVC.swift; sourceTree = "<group>"; };
		2950076328ED2E7C009A2016 /* JJBaseViewController.h */ = {isa = PBXFileReference; fileEncoding = 4; lastKnownFileType = sourcecode.c.h; path = JJBaseViewController.h; sourceTree = "<group>"; };
		2950076428ED2E7C009A2016 /* JJBaseNavigationView.m */ = {isa = PBXFileReference; fileEncoding = 4; lastKnownFileType = sourcecode.c.objc; path = JJBaseNavigationView.m; sourceTree = "<group>"; };
		2950076528ED2E7C009A2016 /* JJBaseListViewController.m */ = {isa = PBXFileReference; fileEncoding = 4; lastKnownFileType = sourcecode.c.objc; path = JJBaseListViewController.m; sourceTree = "<group>"; };
		2950076628ED2E7C009A2016 /* JJBaseViewController.m */ = {isa = PBXFileReference; fileEncoding = 4; lastKnownFileType = sourcecode.c.objc; path = JJBaseViewController.m; sourceTree = "<group>"; };
		2950076728ED2E7C009A2016 /* JJBaseNavigationView.h */ = {isa = PBXFileReference; fileEncoding = 4; lastKnownFileType = sourcecode.c.h; path = JJBaseNavigationView.h; sourceTree = "<group>"; };
		2950076828ED2E7C009A2016 /* JJBaseListViewController.h */ = {isa = PBXFileReference; fileEncoding = 4; lastKnownFileType = sourcecode.c.h; path = JJBaseListViewController.h; sourceTree = "<group>"; };
		2950076D28ED2E89009A2016 /* JJVideoTest1ViewController.m */ = {isa = PBXFileReference; fileEncoding = 4; lastKnownFileType = sourcecode.c.objc; path = JJVideoTest1ViewController.m; sourceTree = "<group>"; };
		2950076E28ED2E89009A2016 /* JJVideoTest5ViewController.h */ = {isa = PBXFileReference; fileEncoding = 4; lastKnownFileType = sourcecode.c.h; path = JJVideoTest5ViewController.h; sourceTree = "<group>"; };
		2950076F28ED2E89009A2016 /* JJVideoViewController.h */ = {isa = PBXFileReference; fileEncoding = 4; lastKnownFileType = sourcecode.c.h; path = JJVideoViewController.h; sourceTree = "<group>"; };
		2950077028ED2E89009A2016 /* JJVideoTest2ViewController.h */ = {isa = PBXFileReference; fileEncoding = 4; lastKnownFileType = sourcecode.c.h; path = JJVideoTest2ViewController.h; sourceTree = "<group>"; };
		2950077128ED2E89009A2016 /* JJVideoTest3ViewController.h */ = {isa = PBXFileReference; fileEncoding = 4; lastKnownFileType = sourcecode.c.h; path = JJVideoTest3ViewController.h; sourceTree = "<group>"; };
		2950077328ED2E89009A2016 /* JJSlider.m */ = {isa = PBXFileReference; fileEncoding = 4; lastKnownFileType = sourcecode.c.objc; path = JJSlider.m; sourceTree = "<group>"; };
		2950077428ED2E89009A2016 /* JJPlayerMaskView.h */ = {isa = PBXFileReference; fileEncoding = 4; lastKnownFileType = sourcecode.c.h; path = JJPlayerMaskView.h; sourceTree = "<group>"; };
		2950077528ED2E89009A2016 /* JJAnimationView.m */ = {isa = PBXFileReference; fileEncoding = 4; lastKnownFileType = sourcecode.c.objc; path = JJAnimationView.m; sourceTree = "<group>"; };
		2950077728ED2E89009A2016 /* JJVideoPlayer.m */ = {isa = PBXFileReference; fileEncoding = 4; lastKnownFileType = sourcecode.c.objc; path = JJVideoPlayer.m; sourceTree = "<group>"; };
		2950077828ED2E89009A2016 /* JJVideoPlayer.h */ = {isa = PBXFileReference; fileEncoding = 4; lastKnownFileType = sourcecode.c.h; path = JJVideoPlayer.h; sourceTree = "<group>"; };
		2950077928ED2E89009A2016 /* JJPlayer.h */ = {isa = PBXFileReference; fileEncoding = 4; lastKnownFileType = sourcecode.c.h; path = JJPlayer.h; sourceTree = "<group>"; };
		2950077A28ED2E89009A2016 /* JJPlayerView.m */ = {isa = PBXFileReference; fileEncoding = 4; lastKnownFileType = sourcecode.c.objc; path = JJPlayerView.m; sourceTree = "<group>"; };
		2950077B28ED2E89009A2016 /* JJVideoModel.m */ = {isa = PBXFileReference; fileEncoding = 4; lastKnownFileType = sourcecode.c.objc; path = JJVideoModel.m; sourceTree = "<group>"; };
		2950077C28ED2E89009A2016 /* UIImage+JJPlayer.h */ = {isa = PBXFileReference; fileEncoding = 4; lastKnownFileType = sourcecode.c.h; path = "UIImage+JJPlayer.h"; sourceTree = "<group>"; };
		2950077D28ED2E89009A2016 /* JJAnimationView.h */ = {isa = PBXFileReference; fileEncoding = 4; lastKnownFileType = sourcecode.c.h; path = JJAnimationView.h; sourceTree = "<group>"; };
		2950077E28ED2E89009A2016 /* JJPlayerMaskView.m */ = {isa = PBXFileReference; fileEncoding = 4; lastKnownFileType = sourcecode.c.objc; path = JJPlayerMaskView.m; sourceTree = "<group>"; };
		2950077F28ED2E89009A2016 /* JJSlider.h */ = {isa = PBXFileReference; fileEncoding = 4; lastKnownFileType = sourcecode.c.h; path = JJSlider.h; sourceTree = "<group>"; };
		2950078128ED2E89009A2016 /* video_h_0.MP4 */ = {isa = PBXFileReference; lastKnownFileType = file; path = video_h_0.MP4; sourceTree = "<group>"; };
		2950078228ED2E89009A2016 /* video4.mov */ = {isa = PBXFileReference; lastKnownFileType = video.quicktime; path = video4.mov; sourceTree = "<group>"; };
		2950078328ED2E89009A2016 /* video_h_1.MP4 */ = {isa = PBXFileReference; lastKnownFileType = file; path = video_h_1.MP4; sourceTree = "<group>"; };
		2950078428ED2E89009A2016 /* video6.mov */ = {isa = PBXFileReference; lastKnownFileType = video.quicktime; path = video6.mov; sourceTree = "<group>"; };
		2950078528ED2E89009A2016 /* video_h_2.MP4 */ = {isa = PBXFileReference; lastKnownFileType = file; path = video_h_2.MP4; sourceTree = "<group>"; };
		2950078628ED2E89009A2016 /* video2.mov */ = {isa = PBXFileReference; lastKnownFileType = video.quicktime; path = video2.mov; sourceTree = "<group>"; };
		2950078728ED2E89009A2016 /* video5.mp4 */ = {isa = PBXFileReference; lastKnownFileType = file; path = video5.mp4; sourceTree = "<group>"; };
		2950078828ED2E89009A2016 /* video1.mp4 */ = {isa = PBXFileReference; lastKnownFileType = file; path = video1.mp4; sourceTree = "<group>"; };
		2950078928ED2E89009A2016 /* video3.mp4 */ = {isa = PBXFileReference; lastKnownFileType = file; path = video3.mp4; sourceTree = "<group>"; };
		2950078A28ED2E8A009A2016 /* JJPlayer.bundle */ = {isa = PBXFileReference; lastKnownFileType = "wrapper.plug-in"; path = JJPlayer.bundle; sourceTree = "<group>"; };
		2950078B28ED2E8A009A2016 /* UIImage+JJPlayer.m */ = {isa = PBXFileReference; fileEncoding = 4; lastKnownFileType = sourcecode.c.objc; path = "UIImage+JJPlayer.m"; sourceTree = "<group>"; };
		2950078C28ED2E8A009A2016 /* JJVideoModel.h */ = {isa = PBXFileReference; fileEncoding = 4; lastKnownFileType = sourcecode.c.h; path = JJVideoModel.h; sourceTree = "<group>"; };
		2950078D28ED2E8A009A2016 /* JJPlayerView.h */ = {isa = PBXFileReference; fileEncoding = 4; lastKnownFileType = sourcecode.c.h; path = JJPlayerView.h; sourceTree = "<group>"; };
		2950078E28ED2E8A009A2016 /* JJVideoData.plist */ = {isa = PBXFileReference; fileEncoding = 4; lastKnownFileType = text.plist.xml; path = JJVideoData.plist; sourceTree = "<group>"; };
		2950078F28ED2E8A009A2016 /* JJVideoTest4ViewController.h */ = {isa = PBXFileReference; fileEncoding = 4; lastKnownFileType = sourcecode.c.h; path = JJVideoTest4ViewController.h; sourceTree = "<group>"; };
		2950079028ED2E8A009A2016 /* JJVideoViewController.m */ = {isa = PBXFileReference; fileEncoding = 4; lastKnownFileType = sourcecode.c.objc; path = JJVideoViewController.m; sourceTree = "<group>"; };
		2950079128ED2E8A009A2016 /* JJVideoTest5ViewController.m */ = {isa = PBXFileReference; fileEncoding = 4; lastKnownFileType = sourcecode.c.objc; path = JJVideoTest5ViewController.m; sourceTree = "<group>"; };
		2950079328ED2E8A009A2016 /* JJVideoTableViewCell.h */ = {isa = PBXFileReference; fileEncoding = 4; lastKnownFileType = sourcecode.c.h; path = JJVideoTableViewCell.h; sourceTree = "<group>"; };
		2950079428ED2E8A009A2016 /* JJVideoTableViewCell.m */ = {isa = PBXFileReference; fileEncoding = 4; lastKnownFileType = sourcecode.c.objc; path = JJVideoTableViewCell.m; sourceTree = "<group>"; };
		2950079528ED2E8A009A2016 /* JJVideoTest1ViewController.h */ = {isa = PBXFileReference; fileEncoding = 4; lastKnownFileType = sourcecode.c.h; path = JJVideoTest1ViewController.h; sourceTree = "<group>"; };
		2950079628ED2E8A009A2016 /* JJVideoTest2ViewController.m */ = {isa = PBXFileReference; fileEncoding = 4; lastKnownFileType = sourcecode.c.objc; path = JJVideoTest2ViewController.m; sourceTree = "<group>"; };
		2950079728ED2E8A009A2016 /* JJVideoTest3ViewController.m */ = {isa = PBXFileReference; fileEncoding = 4; lastKnownFileType = sourcecode.c.objc; path = JJVideoTest3ViewController.m; sourceTree = "<group>"; };
		2950079828ED2E8A009A2016 /* JJVideoTest4ViewController.m */ = {isa = PBXFileReference; fileEncoding = 4; lastKnownFileType = sourcecode.c.objc; path = JJVideoTest4ViewController.m; sourceTree = "<group>"; };
		2950079A28ED2E8A009A2016 /* JJVideoTableHeaderView.h */ = {isa = PBXFileReference; fileEncoding = 4; lastKnownFileType = sourcecode.c.h; path = JJVideoTableHeaderView.h; sourceTree = "<group>"; };
		2950079B28ED2E8A009A2016 /* JJVideoTableHeaderView.m */ = {isa = PBXFileReference; fileEncoding = 4; lastKnownFileType = sourcecode.c.objc; path = JJVideoTableHeaderView.m; sourceTree = "<group>"; };
		295007B628ED301C009A2016 /* JJConfig.h */ = {isa = PBXFileReference; fileEncoding = 4; lastKnownFileType = sourcecode.c.h; path = JJConfig.h; sourceTree = "<group>"; };
		295007B828ED3050009A2016 /* JJPlayerHeader.h */ = {isa = PBXFileReference; lastKnownFileType = sourcecode.c.h; path = JJPlayerHeader.h; sourceTree = "<group>"; };
		295007B928ED31DC009A2016 /* JJTableView.h */ = {isa = PBXFileReference; fileEncoding = 4; lastKnownFileType = sourcecode.c.h; path = JJTableView.h; sourceTree = "<group>"; };
		295007BA28ED31DC009A2016 /* JJTableView.m */ = {isa = PBXFileReference; fileEncoding = 4; lastKnownFileType = sourcecode.c.objc; path = JJTableView.m; sourceTree = "<group>"; };
		29502674283F202E00AD70C9 /* DZNEmptyDataVC.swift */ = {isa = PBXFileReference; lastKnownFileType = sourcecode.swift; path = DZNEmptyDataVC.swift; sourceTree = "<group>"; };
		2971E31D2855F0D4004DBAC0 /* AFNetWork.swift */ = {isa = PBXFileReference; fileEncoding = 4; lastKnownFileType = sourcecode.swift; path = AFNetWork.swift; sourceTree = "<group>"; };
		2971E3202855F195004DBAC0 /* AlamofireVC.swift */ = {isa = PBXFileReference; lastKnownFileType = sourcecode.swift; path = AlamofireVC.swift; sourceTree = "<group>"; };
		299355A4284EF82900303938 /* OceanEngineHandler.swift */ = {isa = PBXFileReference; lastKnownFileType = sourcecode.swift; path = OceanEngineHandler.swift; sourceTree = "<group>"; };
		299355A6284F27F000303938 /* DeviceManager.swift */ = {isa = PBXFileReference; fileEncoding = 4; lastKnownFileType = sourcecode.swift; path = DeviceManager.swift; sourceTree = "<group>"; };
		299355AA284F576800303938 /* String+Ex.swift */ = {isa = PBXFileReference; fileEncoding = 4; lastKnownFileType = sourcecode.swift; path = "String+Ex.swift"; sourceTree = "<group>"; };
		29D424DA283E23390032CF9A /* HintVC.swift */ = {isa = PBXFileReference; lastKnownFileType = sourcecode.swift; path = HintVC.swift; sourceTree = "<group>"; };
		29E6C14A283DC30F00198372 /* ShapeVC.swift */ = {isa = PBXFileReference; lastKnownFileType = sourcecode.swift; path = ShapeVC.swift; sourceTree = "<group>"; };
		29EC6850283B4106004F2D39 /* KCellModel.swift */ = {isa = PBXFileReference; lastKnownFileType = sourcecode.swift; path = KCellModel.swift; sourceTree = "<group>"; };
		29EC6853283B4684004F2D39 /* DNavigationBarVC.swift */ = {isa = PBXFileReference; lastKnownFileType = sourcecode.swift; path = DNavigationBarVC.swift; sourceTree = "<group>"; };
		29EC6855283B638B004F2D39 /* DNavigationBarVC1.swift */ = {isa = PBXFileReference; lastKnownFileType = sourcecode.swift; path = DNavigationBarVC1.swift; sourceTree = "<group>"; };
		29EC6857283B6694004F2D39 /* DNavigationBarVC2.swift */ = {isa = PBXFileReference; lastKnownFileType = sourcecode.swift; path = DNavigationBarVC2.swift; sourceTree = "<group>"; };
		29EC6859283B6A7B004F2D39 /* DNavigationBarVC3.swift */ = {isa = PBXFileReference; lastKnownFileType = sourcecode.swift; path = DNavigationBarVC3.swift; sourceTree = "<group>"; };
		29EC685D283B6DE9004F2D39 /* RootNavController.swift */ = {isa = PBXFileReference; lastKnownFileType = sourcecode.swift; path = RootNavController.swift; sourceTree = "<group>"; };
		6CCE290B9A7357D553BCE2FD /* Pods_KZSwift.framework */ = {isa = PBXFileReference; explicitFileType = wrapper.framework; includeInIndex = 0; path = Pods_KZSwift.framework; sourceTree = BUILT_PRODUCTS_DIR; };
		9BEC7909CBA8819964D90C5C /* Pods-KZSwift.debug.xcconfig */ = {isa = PBXFileReference; includeInIndex = 1; lastKnownFileType = text.xcconfig; name = "Pods-KZSwift.debug.xcconfig"; path = "Target Support Files/Pods-KZSwift/Pods-KZSwift.debug.xcconfig"; sourceTree = "<group>"; };
		F4DA58E411D1FC101EA18608 /* Pods-KZSwift.release.xcconfig */ = {isa = PBXFileReference; includeInIndex = 1; lastKnownFileType = text.xcconfig; name = "Pods-KZSwift.release.xcconfig"; path = "Target Support Files/Pods-KZSwift/Pods-KZSwift.release.xcconfig"; sourceTree = "<group>"; };
/* End PBXFileReference section */

/* Begin PBXFrameworksBuildPhase section */
		04361F9127969FA90090F31A /* Frameworks */ = {
			isa = PBXFrameworksBuildPhase;
			buildActionMask = 2147483647;
			files = (
				B5C0B57E88B66682C4B3715E /* Pods_KZSwift.framework in Frameworks */,
			);
			runOnlyForDeploymentPostprocessing = 0;
		};
/* End PBXFrameworksBuildPhase section */

/* Begin PBXGroup section */
		04361F8B27969FA90090F31A = {
			isa = PBXGroup;
			children = (
				04361F9627969FA90090F31A /* KZSwift */,
				04361F9527969FA90090F31A /* Products */,
				7570462067771AD8C4936D63 /* Pods */,
				7E14522C3C92F2A1F3E84F81 /* Frameworks */,
			);
			sourceTree = "<group>";
		};
		04361F9527969FA90090F31A /* Products */ = {
			isa = PBXGroup;
			children = (
				04361F9427969FA90090F31A /* KZSwift.app */,
			);
			name = Products;
			sourceTree = "<group>";
		};
		04361F9627969FA90090F31A /* KZSwift */ = {
			isa = PBXGroup;
			children = (
				291F5F122839027300570E58 /* Root */,
				294E1AE8284DD3CB0038EBD3 /* Public */,
				291F5F0B2838FF6C00570E58 /* Tools */,
				291F5F152839109800570E58 /* Class */,
				2950075A28ED2824009A2016 /* Resource */,
				04361F9D27969FA90090F31A /* Main.storyboard */,
				04361FA027969FAA0090F31A /* Assets.xcassets */,
				04361FA227969FAA0090F31A /* LaunchScreen.storyboard */,
				04361FA527969FAA0090F31A /* Info.plist */,
				0986B8862872C4C300295DA8 /* KZSwift-Bridging-Header.h */,
			);
			path = KZSwift;
			sourceTree = "<group>";
		};
		04361FAD2796A2050090F31A /* daily_module */ = {
			isa = PBXGroup;
			children = (
				04361FB42796A2720090F31A /* DailyHomeVC.swift */,
				09A1448928586B50001E9280 /* 导航栏跳转页面 */,
				09A144832858385E001E9280 /* 系统字体 */,
				29E6C149283DC2D000198372 /* 不规则图形 */,
				29037D55283CDCA8001FB744 /* 黑魔法方法交换 */,
				29037D4D283CBB45001FB744 /* WKWebView */,
				29D424D9283E23170032CF9A /* 空白页面占位 */,
				29037D46283C68E1001FB744 /* 加载动画 */,
				29EC6852283B4669004F2D39 /* 导航栏 */,
			);
			path = daily_module;
			sourceTree = "<group>";
		};
		04361FAE2796A23B0090F31A /* project_module */ = {
			isa = PBXGroup;
			children = (
				04361FB22796A2680090F31A /* ProjectHomeVC.swift */,
				098C4A462859FD1300A79FA5 /* Lock */,
				0986B8832872C41700295DA8 /* circle */,
				294E1AE5284DB7830038EBD3 /* 激活 */,
				2950075128ED23CC009A2016 /* 视频播放 */,
				095C804228F3CA0F005B0E0D /* 一览视频cell布局 */,
			);
			path = project_module;
			sourceTree = "<group>";
		};
		04361FAF2796A2440090F31A /* record_module */ = {
			isa = PBXGroup;
			children = (
				04361FB02796A25D0090F31A /* RecordHomeVC.swift */,
				093DB01228F6E2CB0048C089 /* swift可选代理 */,
				09364DEF286470DC00EA86BF /* Java联动 */,
				098C4A3F285983EB00A79FA5 /* 定时器 */,
				098C4A3C285972E400A79FA5 /* 循环引用问题 */,
				09370655285713AD00445EDF /* 手机方向 */,
			);
			path = record_module;
			sourceTree = "<group>";
		};
		09364DEF286470DC00EA86BF /* Java联动 */ = {
			isa = PBXGroup;
			children = (
				09364DF0286470ED00EA86BF /* JavaVC.swift */,
			);
			path = "Java联动";
			sourceTree = "<group>";
		};
		09370655285713AD00445EDF /* 手机方向 */ = {
			isa = PBXGroup;
			children = (
				09370656285713BB00445EDF /* DirectionVC.swift */,
			);
			path = "手机方向";
			sourceTree = "<group>";
		};
		09370658285738C200445EDF /* SwiftyJSON */ = {
			isa = PBXGroup;
			children = (
				09370659285738D300445EDF /* SwiftyJSONVC.swift */,
			);
			path = SwiftyJSON;
			sourceTree = "<group>";
		};
		093DB01228F6E2CB0048C089 /* swift可选代理 */ = {
			isa = PBXGroup;
			children = (
				093DB01328F6E2FA0048C089 /* OptionDelegateVC.swift */,
				093DB01528F6E3600048C089 /* ODHomeView.swift */,
			);
			path = "swift可选代理";
			sourceTree = "<group>";
		};
		095C803D28F2A795005B0E0D /* FMDB */ = {
			isa = PBXGroup;
			children = (
				095C803E28F2A7B5005B0E0D /* FMDBVC.swift */,
			);
			path = FMDB;
			sourceTree = "<group>";
		};
		095C804228F3CA0F005B0E0D /* 一览视频cell布局 */ = {
			isa = PBXGroup;
			children = (
				095C804328F3CA76005B0E0D /* YilanVideoVC.swift */,
				095C804528F3CAC9005B0E0D /* JJHomeBaseCell.swift */,
				09C7E11328FA624400BBADCC /* JJEmptyCell.swift */,
				095C804728F3CAD0005B0E0D /* JJYilanVideoCell.swift */,
				093DB01A28F7F30F0048C089 /* JJYilanLVideoCell.swift */,
				09C7E10B28F9535400BBADCC /* JJYilanDetailVideoInfoCell.swift */,
				09C7E11128FA497E00BBADCC /* JJAdTopTextThreeImageCell.swift */,
				09C7E10F28FA481600BBADCC /* JJAdLImageRTextCell.swift */,
			);
			path = "一览视频cell布局";
			sourceTree = "<group>";
		};
		0986B8832872C41700295DA8 /* circle */ = {
			isa = PBXGroup;
			children = (
				0986B8872872C4C400295DA8 /* JXCircleSlider.h */,
				0986B8882872C4C400295DA8 /* JXCircleSlider.m */,
				0986B8842872C44100295DA8 /* CircleVC.swift */,
			);
			path = circle;
			sourceTree = "<group>";
		};
		098C4A3C285972E400A79FA5 /* 循环引用问题 */ = {
			isa = PBXGroup;
			children = (
				098C4A3D2859731100A79FA5 /* CycleVC.swift */,
			);
			path = "循环引用问题";
			sourceTree = "<group>";
		};
		098C4A3F285983EB00A79FA5 /* 定时器 */ = {
			isa = PBXGroup;
			children = (
				098C4A422859B10300A79FA5 /* KTimer.swift */,
				098C4A402859840300A79FA5 /* TimerVC.swift */,
			);
			path = "定时器";
			sourceTree = "<group>";
		};
		098C4A462859FD1300A79FA5 /* Lock */ = {
			isa = PBXGroup;
			children = (
				090620F0286A91160086597F /* LockTools.swift */,
				0986B88A2872D88900295DA8 /* CircleSlider.swift */,
				0927A5E3285C042D00CE2AF6 /* CircularSlider.swift */,
				097AD596285AC7E000B0A5EB /* LockView.swift */,
				098C4A472859FD5100A79FA5 /* LockVC.swift */,
			);
			path = Lock;
			sourceTree = "<group>";
		};
		09A1447428582047001E9280 /* 3rd_module */ = {
			isa = PBXGroup;
			children = (
				09A144752858207C001E9280 /* ThirdLibVC.swift */,
				095C803D28F2A795005B0E0D /* FMDB */,
				09A1447E285836B4001E9280 /* SPPageMenu */,
				09A144792858353B001E9280 /* JXSegmentedView */,
				09370658285738C200445EDF /* SwiftyJSON */,
				2971E31F2855F178004DBAC0 /* Alamofire */,
				294E1AEB284DFBF20038EBD3 /* KeychainAccess */,
				29502673283F1FFC00AD70C9 /* DZNEmptyDataSet */,
			);
			path = 3rd_module;
			sourceTree = "<group>";
		};
		09A144792858353B001E9280 /* JXSegmentedView */ = {
			isa = PBXGroup;
			children = (
				09A1447A2858354C001E9280 /* JXSegmentedVC.swift */,
				09A1447C285835EF001E9280 /* ListBaseViewController.swift */,
			);
			path = JXSegmentedView;
			sourceTree = "<group>";
		};
		09A1447E285836B4001E9280 /* SPPageMenu */ = {
			isa = PBXGroup;
			children = (
				09A1447F285836B4001E9280 /* SPPageMenuChildVC.swift */,
				09A14480285836B4001E9280 /* SPPageMenuVC.swift */,
			);
			path = SPPageMenu;
			sourceTree = "<group>";
		};
		09A144832858385E001E9280 /* 系统字体 */ = {
			isa = PBXGroup;
			children = (
				09A144842858385E001E9280 /* SystemFontVC.swift */,
			);
			path = "系统字体";
			sourceTree = "<group>";
		};
		09A144862858443C001E9280 /* public */ = {
			isa = PBXGroup;
			children = (
				29EC6850283B4106004F2D39 /* KCellModel.swift */,
				093706512856CEE100445EDF /* TemplateView.swift */,
				09A144872858448B001E9280 /* MainView.swift */,
			);
			path = public;
			sourceTree = "<group>";
		};
		09A1448928586B50001E9280 /* 导航栏跳转页面 */ = {
			isa = PBXGroup;
			children = (
				09A1448A28586B6A001E9280 /* ToolsVC.swift */,
				09A1448C28589C37001E9280 /* DeleteVC.swift */,
			);
			path = "导航栏跳转页面";
			sourceTree = "<group>";
		};
		29037D46283C68E1001FB744 /* 加载动画 */ = {
			isa = PBXGroup;
			children = (
				29037D47283C68F8001FB744 /* JJShimmerView.swift */,
				29037D49283C6927001FB744 /* ShimmerVC.swift */,
			);
			path = "加载动画";
			sourceTree = "<group>";
		};
		29037D4D283CBB45001FB744 /* WKWebView */ = {
			isa = PBXGroup;
			children = (
				29037D4E283CBB6F001FB744 /* WebViewVC.swift */,
			);
			path = WKWebView;
			sourceTree = "<group>";
		};
		29037D55283CDCA8001FB744 /* 黑魔法方法交换 */ = {
			isa = PBXGroup;
			children = (
				294F9E15283CDE4100D15B21 /* MethodSwizzlingVC.swift */,
				294F9E17283CE94400D15B21 /* MethodSwizzlingExtension.swift */,
			);
			path = "黑魔法方法交换";
			sourceTree = "<group>";
		};
		291F5F0B2838FF6C00570E58 /* Tools */ = {
			isa = PBXGroup;
			children = (
				2971E31D2855F0D4004DBAC0 /* AFNetWork.swift */,
				291F5F0C2838FF7A00570E58 /* KTools.swift */,
				291F5F0E2838FF9D00570E58 /* KUIKit.swift */,
				299355A6284F27F000303938 /* DeviceManager.swift */,
				29037D50283CBC0D001FB744 /* ShimmerProtocol.swift */,
				299355AA284F576800303938 /* String+Ex.swift */,
				0978A8AE2869C15A00A059A3 /* PTools.swift */,
			);
			path = Tools;
			sourceTree = "<group>";
		};
		291F5F122839027300570E58 /* Root */ = {
			isa = PBXGroup;
			children = (
				04361F9727969FA90090F31A /* AppDelegate.swift */,
				04361FAB2796A18C0090F31A /* TabBarVC.swift */,
				29EC685D283B6DE9004F2D39 /* RootNavController.swift */,
				291F5F132839028F00570E58 /* RootHomeVC.swift */,
				04361F9B27969FA90090F31A /* ViewController.swift */,
			);
			path = Root;
			sourceTree = "<group>";
		};
		291F5F152839109800570E58 /* Class */ = {
			isa = PBXGroup;
			children = (
				09A144862858443C001E9280 /* public */,
				04361FAD2796A2050090F31A /* daily_module */,
				09A1447428582047001E9280 /* 3rd_module */,
				04361FAE2796A23B0090F31A /* project_module */,
				04361FAF2796A2440090F31A /* record_module */,
			);
			path = Class;
			sourceTree = "<group>";
		};
		294E1AE5284DB7830038EBD3 /* 激活 */ = {
			isa = PBXGroup;
			children = (
				299355A4284EF82900303938 /* OceanEngineHandler.swift */,
				294E1AE6284DB79D0038EBD3 /* ActiveVC.swift */,
			);
			path = "激活";
			sourceTree = "<group>";
		};
		294E1AE8284DD3CB0038EBD3 /* Public */ = {
			isa = PBXGroup;
			children = (
				294E1AE9284DD3E60038EBD3 /* KConstant.swift */,
			);
			path = Public;
			sourceTree = "<group>";
		};
		294E1AEB284DFBF20038EBD3 /* KeychainAccess */ = {
			isa = PBXGroup;
			children = (
				294E1AEC284DFC220038EBD3 /* KeychainVC.swift */,
			);
			path = KeychainAccess;
			sourceTree = "<group>";
		};
		2950075128ED23CC009A2016 /* 视频播放 */ = {
			isa = PBXGroup;
			children = (
				2950075228ED2400009A2016 /* VideoPlayerVC.swift */,
				2950075428ED2576009A2016 /* 自己封装 */,
				2950075728ED25A7009A2016 /* 3rd-BMPlayer */,
				2950075E28ED2E07009A2016 /* 3rd-JJPlayer */,
			);
			path = "视频播放";
			sourceTree = "<group>";
		};
		2950075428ED2576009A2016 /* 自己封装 */ = {
			isa = PBXGroup;
			children = (
				2950075528ED2591009A2016 /* OwnAVPlayer.swift */,
			);
			path = "自己封装";
			sourceTree = "<group>";
		};
		2950075728ED25A7009A2016 /* 3rd-BMPlayer */ = {
			isa = PBXGroup;
			children = (
				2950075828ED25BF009A2016 /* BMPlayerVC.swift */,
			);
			path = "3rd-BMPlayer";
			sourceTree = "<group>";
		};
		2950075A28ED2824009A2016 /* Resource */ = {
			isa = PBXGroup;
			children = (
				2950075B28ED282E009A2016 /* Video */,
			);
			path = Resource;
			sourceTree = "<group>";
		};
		2950075B28ED282E009A2016 /* Video */ = {
			isa = PBXGroup;
			children = (
				2950075C28ED2842009A2016 /* video.mp4 */,
			);
			path = Video;
			sourceTree = "<group>";
		};
		2950075E28ED2E07009A2016 /* 3rd-JJPlayer */ = {
			isa = PBXGroup;
			children = (
				2950075F28ED2E27009A2016 /* JJPlayerVC.swift */,
				2950076128ED2E5F009A2016 /* JJPlayerLib */,
			);
			path = "3rd-JJPlayer";
			sourceTree = "<group>";
		};
		2950076128ED2E5F009A2016 /* JJPlayerLib */ = {
			isa = PBXGroup;
			children = (
				2950076C28ED2E89009A2016 /* PlayerView */,
				2950076228ED2E7C009A2016 /* Common */,
			);
			path = JJPlayerLib;
			sourceTree = "<group>";
		};
		2950076228ED2E7C009A2016 /* Common */ = {
			isa = PBXGroup;
			children = (
				295007B928ED31DC009A2016 /* JJTableView.h */,
				295007BA28ED31DC009A2016 /* JJTableView.m */,
				295007B628ED301C009A2016 /* JJConfig.h */,
				295007B828ED3050009A2016 /* JJPlayerHeader.h */,
				2950076328ED2E7C009A2016 /* JJBaseViewController.h */,
				2950076628ED2E7C009A2016 /* JJBaseViewController.m */,
				2950076728ED2E7C009A2016 /* JJBaseNavigationView.h */,
				2950076428ED2E7C009A2016 /* JJBaseNavigationView.m */,
				2950076828ED2E7C009A2016 /* JJBaseListViewController.h */,
				2950076528ED2E7C009A2016 /* JJBaseListViewController.m */,
			);
			path = Common;
			sourceTree = "<group>";
		};
		2950076C28ED2E89009A2016 /* PlayerView */ = {
			isa = PBXGroup;
			children = (
				2950078E28ED2E8A009A2016 /* JJVideoData.plist */,
				2950076F28ED2E89009A2016 /* JJVideoViewController.h */,
				2950079028ED2E8A009A2016 /* JJVideoViewController.m */,
				2950079528ED2E8A009A2016 /* JJVideoTest1ViewController.h */,
				2950076D28ED2E89009A2016 /* JJVideoTest1ViewController.m */,
				2950077028ED2E89009A2016 /* JJVideoTest2ViewController.h */,
				2950079628ED2E8A009A2016 /* JJVideoTest2ViewController.m */,
				2950077128ED2E89009A2016 /* JJVideoTest3ViewController.h */,
				2950079728ED2E8A009A2016 /* JJVideoTest3ViewController.m */,
				2950078F28ED2E8A009A2016 /* JJVideoTest4ViewController.h */,
				2950079828ED2E8A009A2016 /* JJVideoTest4ViewController.m */,
				2950076E28ED2E89009A2016 /* JJVideoTest5ViewController.h */,
				2950079128ED2E8A009A2016 /* JJVideoTest5ViewController.m */,
				2950079228ED2E8A009A2016 /* Cell */,
				2950077228ED2E89009A2016 /* VideoPlayer */,
				2950079928ED2E8A009A2016 /* TableHeaderView */,
			);
			path = PlayerView;
			sourceTree = "<group>";
		};
		2950077228ED2E89009A2016 /* VideoPlayer */ = {
			isa = PBXGroup;
			children = (
				2950077F28ED2E89009A2016 /* JJSlider.h */,
				2950077328ED2E89009A2016 /* JJSlider.m */,
				2950077928ED2E89009A2016 /* JJPlayer.h */,
				2950078D28ED2E8A009A2016 /* JJPlayerView.h */,
				2950077A28ED2E89009A2016 /* JJPlayerView.m */,
				2950078C28ED2E8A009A2016 /* JJVideoModel.h */,
				2950077B28ED2E89009A2016 /* JJVideoModel.m */,
				2950077428ED2E89009A2016 /* JJPlayerMaskView.h */,
				2950077E28ED2E89009A2016 /* JJPlayerMaskView.m */,
				2950077D28ED2E89009A2016 /* JJAnimationView.h */,
				2950077528ED2E89009A2016 /* JJAnimationView.m */,
				2950077C28ED2E89009A2016 /* UIImage+JJPlayer.h */,
				2950078B28ED2E8A009A2016 /* UIImage+JJPlayer.m */,
				2950077628ED2E89009A2016 /* VideoPlayerTool */,
				2950078028ED2E89009A2016 /* VideoSource */,
			);
			path = VideoPlayer;
			sourceTree = "<group>";
		};
		2950077628ED2E89009A2016 /* VideoPlayerTool */ = {
			isa = PBXGroup;
			children = (
				2950077828ED2E89009A2016 /* JJVideoPlayer.h */,
				2950077728ED2E89009A2016 /* JJVideoPlayer.m */,
			);
			path = VideoPlayerTool;
			sourceTree = "<group>";
		};
		2950078028ED2E89009A2016 /* VideoSource */ = {
			isa = PBXGroup;
			children = (
				2950078128ED2E89009A2016 /* video_h_0.MP4 */,
				2950078228ED2E89009A2016 /* video4.mov */,
				2950078328ED2E89009A2016 /* video_h_1.MP4 */,
				2950078428ED2E89009A2016 /* video6.mov */,
				2950078528ED2E89009A2016 /* video_h_2.MP4 */,
				2950078628ED2E89009A2016 /* video2.mov */,
				2950078728ED2E89009A2016 /* video5.mp4 */,
				2950078828ED2E89009A2016 /* video1.mp4 */,
				2950078928ED2E89009A2016 /* video3.mp4 */,
				2950078A28ED2E8A009A2016 /* JJPlayer.bundle */,
			);
			path = VideoSource;
			sourceTree = "<group>";
		};
		2950079228ED2E8A009A2016 /* Cell */ = {
			isa = PBXGroup;
			children = (
				2950079328ED2E8A009A2016 /* JJVideoTableViewCell.h */,
				2950079428ED2E8A009A2016 /* JJVideoTableViewCell.m */,
			);
			path = Cell;
			sourceTree = "<group>";
		};
		2950079928ED2E8A009A2016 /* TableHeaderView */ = {
			isa = PBXGroup;
			children = (
				2950079A28ED2E8A009A2016 /* JJVideoTableHeaderView.h */,
				2950079B28ED2E8A009A2016 /* JJVideoTableHeaderView.m */,
			);
			path = TableHeaderView;
			sourceTree = "<group>";
		};
		29502673283F1FFC00AD70C9 /* DZNEmptyDataSet */ = {
			isa = PBXGroup;
			children = (
				29502674283F202E00AD70C9 /* DZNEmptyDataVC.swift */,
			);
			path = DZNEmptyDataSet;
			sourceTree = "<group>";
		};
		2971E31F2855F178004DBAC0 /* Alamofire */ = {
			isa = PBXGroup;
			children = (
				09370653285710E200445EDF /* Config.swift */,
				2971E3202855F195004DBAC0 /* AlamofireVC.swift */,
			);
			path = Alamofire;
			sourceTree = "<group>";
		};
		29D424D9283E23170032CF9A /* 空白页面占位 */ = {
			isa = PBXGroup;
			children = (
				0956EFB52856CBF000D1038B /* JJHintView.swift */,
				29D424DA283E23390032CF9A /* HintVC.swift */,
			);
			path = "空白页面占位";
			sourceTree = "<group>";
		};
		29E6C149283DC2D000198372 /* 不规则图形 */ = {
			isa = PBXGroup;
			children = (
				29E6C14A283DC30F00198372 /* ShapeVC.swift */,
			);
			path = "不规则图形";
			sourceTree = "<group>";
		};
		29EC6852283B4669004F2D39 /* 导航栏 */ = {
			isa = PBXGroup;
			children = (
				29EC6853283B4684004F2D39 /* DNavigationBarVC.swift */,
				29EC6855283B638B004F2D39 /* DNavigationBarVC1.swift */,
				29EC6857283B6694004F2D39 /* DNavigationBarVC2.swift */,
				29EC6859283B6A7B004F2D39 /* DNavigationBarVC3.swift */,
			);
			path = "导航栏";
			sourceTree = "<group>";
		};
		7570462067771AD8C4936D63 /* Pods */ = {
			isa = PBXGroup;
			children = (
				9BEC7909CBA8819964D90C5C /* Pods-KZSwift.debug.xcconfig */,
				F4DA58E411D1FC101EA18608 /* Pods-KZSwift.release.xcconfig */,
			);
			path = Pods;
			sourceTree = "<group>";
		};
		7E14522C3C92F2A1F3E84F81 /* Frameworks */ = {
			isa = PBXGroup;
			children = (
				6CCE290B9A7357D553BCE2FD /* Pods_KZSwift.framework */,
			);
			name = Frameworks;
			sourceTree = "<group>";
		};
/* End PBXGroup section */

/* Begin PBXNativeTarget section */
		04361F9327969FA90090F31A /* KZSwift */ = {
			isa = PBXNativeTarget;
			buildConfigurationList = 04361FA827969FAA0090F31A /* Build configuration list for PBXNativeTarget "KZSwift" */;
			buildPhases = (
				4AC12648A09F314CB810EFE2 /* [CP] Check Pods Manifest.lock */,
				04361F9027969FA90090F31A /* Sources */,
				04361F9127969FA90090F31A /* Frameworks */,
				04361F9227969FA90090F31A /* Resources */,
				0B2DB689DB7A27A66718BBEC /* [CP] Embed Pods Frameworks */,
			);
			buildRules = (
			);
			dependencies = (
			);
			name = KZSwift;
			productName = KZSwift;
			productReference = 04361F9427969FA90090F31A /* KZSwift.app */;
			productType = "com.apple.product-type.application";
		};
/* End PBXNativeTarget section */

/* Begin PBXProject section */
		04361F8C27969FA90090F31A /* Project object */ = {
			isa = PBXProject;
			attributes = {
				BuildIndependentTargetsInParallel = 1;
				LastSwiftUpdateCheck = 1310;
				LastUpgradeCheck = 1310;
				TargetAttributes = {
					04361F9327969FA90090F31A = {
						CreatedOnToolsVersion = 13.1;
						LastSwiftMigration = 1330;
					};
				};
			};
			buildConfigurationList = 04361F8F27969FA90090F31A /* Build configuration list for PBXProject "KZSwift" */;
			compatibilityVersion = "Xcode 13.0";
			developmentRegion = en;
			hasScannedForEncodings = 0;
			knownRegions = (
				en,
				Base,
			);
			mainGroup = 04361F8B27969FA90090F31A;
			productRefGroup = 04361F9527969FA90090F31A /* Products */;
			projectDirPath = "";
			projectRoot = "";
			targets = (
				04361F9327969FA90090F31A /* KZSwift */,
			);
		};
/* End PBXProject section */

/* Begin PBXResourcesBuildPhase section */
		04361F9227969FA90090F31A /* Resources */ = {
			isa = PBXResourcesBuildPhase;
			buildActionMask = 2147483647;
			files = (
				295007A528ED2E8A009A2016 /* video_h_1.MP4 in Resources */,
				295007A928ED2E8A009A2016 /* video5.mp4 in Resources */,
				04361FA427969FAA0090F31A /* LaunchScreen.storyboard in Resources */,
				295007A728ED2E8A009A2016 /* video_h_2.MP4 in Resources */,
				295007A828ED2E8A009A2016 /* video2.mov in Resources */,
				295007AB28ED2E8A009A2016 /* video3.mp4 in Resources */,
				04361FA127969FAA0090F31A /* Assets.xcassets in Resources */,
				04361F9F27969FA90090F31A /* Main.storyboard in Resources */,
				295007AC28ED2E8A009A2016 /* JJPlayer.bundle in Resources */,
				295007AE28ED2E8A009A2016 /* JJVideoData.plist in Resources */,
				295007A328ED2E8A009A2016 /* video_h_0.MP4 in Resources */,
				2950075D28ED2842009A2016 /* video.mp4 in Resources */,
				295007AA28ED2E8A009A2016 /* video1.mp4 in Resources */,
				295007A428ED2E8A009A2016 /* video4.mov in Resources */,
				295007A628ED2E8A009A2016 /* video6.mov in Resources */,
			);
			runOnlyForDeploymentPostprocessing = 0;
		};
/* End PBXResourcesBuildPhase section */

/* Begin PBXShellScriptBuildPhase section */
		0B2DB689DB7A27A66718BBEC /* [CP] Embed Pods Frameworks */ = {
			isa = PBXShellScriptBuildPhase;
			buildActionMask = 2147483647;
			files = (
			);
			inputFileListPaths = (
				"${PODS_ROOT}/Target Support Files/Pods-KZSwift/Pods-KZSwift-frameworks-${CONFIGURATION}-input-files.xcfilelist",
			);
			name = "[CP] Embed Pods Frameworks";
			outputFileListPaths = (
				"${PODS_ROOT}/Target Support Files/Pods-KZSwift/Pods-KZSwift-frameworks-${CONFIGURATION}-output-files.xcfilelist",
			);
			runOnlyForDeploymentPostprocessing = 0;
			shellPath = /bin/sh;
			shellScript = "\"${PODS_ROOT}/Target Support Files/Pods-KZSwift/Pods-KZSwift-frameworks.sh\"\n";
			showEnvVarsInLog = 0;
		};
		4AC12648A09F314CB810EFE2 /* [CP] Check Pods Manifest.lock */ = {
			isa = PBXShellScriptBuildPhase;
			buildActionMask = 2147483647;
			files = (
			);
			inputFileListPaths = (
			);
			inputPaths = (
				"${PODS_PODFILE_DIR_PATH}/Podfile.lock",
				"${PODS_ROOT}/Manifest.lock",
			);
			name = "[CP] Check Pods Manifest.lock";
			outputFileListPaths = (
			);
			outputPaths = (
				"$(DERIVED_FILE_DIR)/Pods-KZSwift-checkManifestLockResult.txt",
			);
			runOnlyForDeploymentPostprocessing = 0;
			shellPath = /bin/sh;
			shellScript = "diff \"${PODS_PODFILE_DIR_PATH}/Podfile.lock\" \"${PODS_ROOT}/Manifest.lock\" > /dev/null\nif [ $? != 0 ] ; then\n    # print error to STDERR\n    echo \"error: The sandbox is not in sync with the Podfile.lock. Run 'pod install' or update your CocoaPods installation.\" >&2\n    exit 1\nfi\n# This output is used by Xcode 'outputs' to avoid re-running this script phase.\necho \"SUCCESS\" > \"${SCRIPT_OUTPUT_FILE_0}\"\n";
			showEnvVarsInLog = 0;
		};
/* End PBXShellScriptBuildPhase section */

/* Begin PBXSourcesBuildPhase section */
		04361F9027969FA90090F31A /* Sources */ = {
			isa = PBXSourcesBuildPhase;
			buildActionMask = 2147483647;
			files = (
				295007AF28ED2E8A009A2016 /* JJVideoViewController.m in Sources */,
				295007B028ED2E8A009A2016 /* JJVideoTest5ViewController.m in Sources */,
				09370657285713BB00445EDF /* DirectionVC.swift in Sources */,
				09C7E11028FA481600BBADCC /* JJAdLImageRTextCell.swift in Sources */,
				098C4A3E2859731100A79FA5 /* CycleVC.swift in Sources */,
				29EC6851283B4106004F2D39 /* KCellModel.swift in Sources */,
				0927A5E4285C042D00CE2AF6 /* CircularSlider.swift in Sources */,
				294E1AEA284DD3E60038EBD3 /* KConstant.swift in Sources */,
				0986B8892872C4C400295DA8 /* JXCircleSlider.m in Sources */,
				29EC6856283B638B004F2D39 /* DNavigationBarVC1.swift in Sources */,
				097AD597285AC7E000B0A5EB /* LockView.swift in Sources */,
				295007B528ED2E8A009A2016 /* JJVideoTableHeaderView.m in Sources */,
				098C4A482859FD5100A79FA5 /* LockVC.swift in Sources */,
				093706522856CEE100445EDF /* TemplateView.swift in Sources */,
				09A1448D28589C37001E9280 /* DeleteVC.swift in Sources */,
				09C7E10C28F9535400BBADCC /* JJYilanDetailVideoInfoCell.swift in Sources */,
				09A1447D285835EF001E9280 /* ListBaseViewController.swift in Sources */,
				29037D4F283CBB6F001FB744 /* WebViewVC.swift in Sources */,
				09A14482285836B4001E9280 /* SPPageMenuVC.swift in Sources */,
				09A1447B2858354C001E9280 /* JXSegmentedVC.swift in Sources */,
				0937065A285738D300445EDF /* SwiftyJSONVC.swift in Sources */,
				09A144882858448B001E9280 /* MainView.swift in Sources */,
				09A144852858385E001E9280 /* SystemFontVC.swift in Sources */,
				295007BB28ED31DC009A2016 /* JJTableView.m in Sources */,
				093DB01B28F7F30F0048C089 /* JJYilanLVideoCell.swift in Sources */,
				29D424DB283E23390032CF9A /* HintVC.swift in Sources */,
				29037D48283C68F8001FB744 /* JJShimmerView.swift in Sources */,
				291F5F0F2838FF9D00570E58 /* KUIKit.swift in Sources */,
				095C803F28F2A7B5005B0E0D /* FMDBVC.swift in Sources */,
				095C804428F3CA76005B0E0D /* YilanVideoVC.swift in Sources */,
				095C804628F3CAC9005B0E0D /* JJHomeBaseCell.swift in Sources */,
				09C7E11428FA624400BBADCC /* JJEmptyCell.swift in Sources */,
				291F5F142839028F00570E58 /* RootHomeVC.swift in Sources */,
				294E1AED284DFC220038EBD3 /* KeychainVC.swift in Sources */,
				2971E3212855F195004DBAC0 /* AlamofireVC.swift in Sources */,
				098C4A432859B10300A79FA5 /* KTimer.swift in Sources */,
				29EC6858283B6694004F2D39 /* DNavigationBarVC2.swift in Sources */,
				04361FB32796A2680090F31A /* ProjectHomeVC.swift in Sources */,
				09364DF1286470ED00EA86BF /* JavaVC.swift in Sources */,
				2950079C28ED2E8A009A2016 /* JJVideoTest1ViewController.m in Sources */,
				2950075328ED2400009A2016 /* VideoPlayerVC.swift in Sources */,
				29037D51283CBC0D001FB744 /* ShimmerProtocol.swift in Sources */,
				295007B228ED2E8A009A2016 /* JJVideoTest2ViewController.m in Sources */,
				0986B8852872C44100295DA8 /* CircleVC.swift in Sources */,
				2950076A28ED2E7C009A2016 /* JJBaseListViewController.m in Sources */,
				04361F9C27969FA90090F31A /* ViewController.swift in Sources */,
				299355A7284F27F000303938 /* DeviceManager.swift in Sources */,
				29037D4A283C6927001FB744 /* ShimmerVC.swift in Sources */,
				2950075928ED25BF009A2016 /* BMPlayerVC.swift in Sources */,
				294E1AE7284DB79D0038EBD3 /* ActiveVC.swift in Sources */,
				0986B88B2872D88A00295DA8 /* CircleSlider.swift in Sources */,
				295007A128ED2E8A009A2016 /* JJVideoModel.m in Sources */,
				29EC6854283B4685004F2D39 /* DNavigationBarVC.swift in Sources */,
				29EC685E283B6DE9004F2D39 /* RootNavController.swift in Sources */,
				04361FB12796A25D0090F31A /* RecordHomeVC.swift in Sources */,
				295007B328ED2E8A009A2016 /* JJVideoTest3ViewController.m in Sources */,
				29E6C14B283DC30F00198372 /* ShapeVC.swift in Sources */,
				299355AB284F576800303938 /* String+Ex.swift in Sources */,
				2950076928ED2E7C009A2016 /* JJBaseNavigationView.m in Sources */,
				095C804828F3CAD0005B0E0D /* JJYilanVideoCell.swift in Sources */,
				04361FAC2796A18C0090F31A /* TabBarVC.swift in Sources */,
				291F5F0D2838FF7A00570E58 /* KTools.swift in Sources */,
				093DB01428F6E2FA0048C089 /* OptionDelegateVC.swift in Sources */,
				098C4A412859840300A79FA5 /* TimerVC.swift in Sources */,
				04361F9827969FA90090F31A /* AppDelegate.swift in Sources */,
				090620F1286A91160086597F /* LockTools.swift in Sources */,
				09C7E11228FA497E00BBADCC /* JJAdTopTextThreeImageCell.swift in Sources */,
				09A14481285836B4001E9280 /* SPPageMenuChildVC.swift in Sources */,
				294F9E16283CDE4100D15B21 /* MethodSwizzlingVC.swift in Sources */,
				04361FB52796A2720090F31A /* DailyHomeVC.swift in Sources */,
				09370654285710E200445EDF /* Config.swift in Sources */,
				295007B428ED2E8A009A2016 /* JJVideoTest4ViewController.m in Sources */,
				093DB01628F6E3600048C089 /* ODHomeView.swift in Sources */,
				2971E31E2855F0D4004DBAC0 /* AFNetWork.swift in Sources */,
				299355A5284EF82900303938 /* OceanEngineHandler.swift in Sources */,
				295007AD28ED2E8A009A2016 /* UIImage+JJPlayer.m in Sources */,
				09A144762858207C001E9280 /* ThirdLibVC.swift in Sources */,
				2950076B28ED2E7C009A2016 /* JJBaseViewController.m in Sources */,
				29502675283F202E00AD70C9 /* DZNEmptyDataVC.swift in Sources */,
				29EC685A283B6A7B004F2D39 /* DNavigationBarVC3.swift in Sources */,
				294F9E18283CE94400D15B21 /* MethodSwizzlingExtension.swift in Sources */,
				2950076028ED2E27009A2016 /* JJPlayerVC.swift in Sources */,
				2950075628ED2591009A2016 /* OwnAVPlayer.swift in Sources */,
				2950079E28ED2E8A009A2016 /* JJAnimationView.m in Sources */,
				0956EFB62856CBF100D1038B /* JJHintView.swift in Sources */,
				0978A8AF2869C15A00A059A3 /* PTools.swift in Sources */,
				2950079F28ED2E8A009A2016 /* JJVideoPlayer.m in Sources */,
				295007B128ED2E8A009A2016 /* JJVideoTableViewCell.m in Sources */,
				295007A028ED2E8A009A2016 /* JJPlayerView.m in Sources */,
				295007A228ED2E8A009A2016 /* JJPlayerMaskView.m in Sources */,
				2950079D28ED2E8A009A2016 /* JJSlider.m in Sources */,
				09A1448B28586B6A001E9280 /* ToolsVC.swift in Sources */,
			);
			runOnlyForDeploymentPostprocessing = 0;
		};
/* End PBXSourcesBuildPhase section */

/* Begin PBXVariantGroup section */
		04361F9D27969FA90090F31A /* Main.storyboard */ = {
			isa = PBXVariantGroup;
			children = (
				04361F9E27969FA90090F31A /* Base */,
			);
			name = Main.storyboard;
			sourceTree = "<group>";
		};
		04361FA227969FAA0090F31A /* LaunchScreen.storyboard */ = {
			isa = PBXVariantGroup;
			children = (
				04361FA327969FAA0090F31A /* Base */,
			);
			name = LaunchScreen.storyboard;
			sourceTree = "<group>";
		};
/* End PBXVariantGroup section */

/* Begin XCBuildConfiguration section */
		04361FA627969FAA0090F31A /* Debug */ = {
			isa = XCBuildConfiguration;
			buildSettings = {
				ALWAYS_SEARCH_USER_PATHS = NO;
				CLANG_ANALYZER_NONNULL = YES;
				CLANG_ANALYZER_NUMBER_OBJECT_CONVERSION = YES_AGGRESSIVE;
				CLANG_CXX_LANGUAGE_STANDARD = "gnu++17";
				CLANG_CXX_LIBRARY = "libc++";
				CLANG_ENABLE_MODULES = YES;
				CLANG_ENABLE_OBJC_ARC = YES;
				CLANG_ENABLE_OBJC_WEAK = YES;
				CLANG_WARN_BLOCK_CAPTURE_AUTORELEASING = YES;
				CLANG_WARN_BOOL_CONVERSION = YES;
				CLANG_WARN_COMMA = YES;
				CLANG_WARN_CONSTANT_CONVERSION = YES;
				CLANG_WARN_DEPRECATED_OBJC_IMPLEMENTATIONS = YES;
				CLANG_WARN_DIRECT_OBJC_ISA_USAGE = YES_ERROR;
				CLANG_WARN_DOCUMENTATION_COMMENTS = YES;
				CLANG_WARN_EMPTY_BODY = YES;
				CLANG_WARN_ENUM_CONVERSION = YES;
				CLANG_WARN_INFINITE_RECURSION = YES;
				CLANG_WARN_INT_CONVERSION = YES;
				CLANG_WARN_NON_LITERAL_NULL_CONVERSION = YES;
				CLANG_WARN_OBJC_IMPLICIT_RETAIN_SELF = YES;
				CLANG_WARN_OBJC_LITERAL_CONVERSION = YES;
				CLANG_WARN_OBJC_ROOT_CLASS = YES_ERROR;
				CLANG_WARN_QUOTED_INCLUDE_IN_FRAMEWORK_HEADER = YES;
				CLANG_WARN_RANGE_LOOP_ANALYSIS = YES;
				CLANG_WARN_STRICT_PROTOTYPES = YES;
				CLANG_WARN_SUSPICIOUS_MOVE = YES;
				CLANG_WARN_UNGUARDED_AVAILABILITY = YES_AGGRESSIVE;
				CLANG_WARN_UNREACHABLE_CODE = YES;
				CLANG_WARN__DUPLICATE_METHOD_MATCH = YES;
				COPY_PHASE_STRIP = NO;
				DEBUG_INFORMATION_FORMAT = dwarf;
				ENABLE_STRICT_OBJC_MSGSEND = YES;
				ENABLE_TESTABILITY = YES;
				GCC_C_LANGUAGE_STANDARD = gnu11;
				GCC_DYNAMIC_NO_PIC = NO;
				GCC_NO_COMMON_BLOCKS = YES;
				GCC_OPTIMIZATION_LEVEL = 0;
				GCC_PREPROCESSOR_DEFINITIONS = (
					"DEBUG=1",
					"$(inherited)",
				);
				GCC_WARN_64_TO_32_BIT_CONVERSION = YES;
				GCC_WARN_ABOUT_RETURN_TYPE = YES_ERROR;
				GCC_WARN_UNDECLARED_SELECTOR = YES;
				GCC_WARN_UNINITIALIZED_AUTOS = YES_AGGRESSIVE;
				GCC_WARN_UNUSED_FUNCTION = YES;
				GCC_WARN_UNUSED_VARIABLE = YES;
				IPHONEOS_DEPLOYMENT_TARGET = 15.0;
				MTL_ENABLE_DEBUG_INFO = INCLUDE_SOURCE;
				MTL_FAST_MATH = YES;
				ONLY_ACTIVE_ARCH = YES;
				SDKROOT = iphoneos;
				SWIFT_ACTIVE_COMPILATION_CONDITIONS = DEBUG;
				SWIFT_OPTIMIZATION_LEVEL = "-Onone";
			};
			name = Debug;
		};
		04361FA727969FAA0090F31A /* Release */ = {
			isa = XCBuildConfiguration;
			buildSettings = {
				ALWAYS_SEARCH_USER_PATHS = NO;
				CLANG_ANALYZER_NONNULL = YES;
				CLANG_ANALYZER_NUMBER_OBJECT_CONVERSION = YES_AGGRESSIVE;
				CLANG_CXX_LANGUAGE_STANDARD = "gnu++17";
				CLANG_CXX_LIBRARY = "libc++";
				CLANG_ENABLE_MODULES = YES;
				CLANG_ENABLE_OBJC_ARC = YES;
				CLANG_ENABLE_OBJC_WEAK = YES;
				CLANG_WARN_BLOCK_CAPTURE_AUTORELEASING = YES;
				CLANG_WARN_BOOL_CONVERSION = YES;
				CLANG_WARN_COMMA = YES;
				CLANG_WARN_CONSTANT_CONVERSION = YES;
				CLANG_WARN_DEPRECATED_OBJC_IMPLEMENTATIONS = YES;
				CLANG_WARN_DIRECT_OBJC_ISA_USAGE = YES_ERROR;
				CLANG_WARN_DOCUMENTATION_COMMENTS = YES;
				CLANG_WARN_EMPTY_BODY = YES;
				CLANG_WARN_ENUM_CONVERSION = YES;
				CLANG_WARN_INFINITE_RECURSION = YES;
				CLANG_WARN_INT_CONVERSION = YES;
				CLANG_WARN_NON_LITERAL_NULL_CONVERSION = YES;
				CLANG_WARN_OBJC_IMPLICIT_RETAIN_SELF = YES;
				CLANG_WARN_OBJC_LITERAL_CONVERSION = YES;
				CLANG_WARN_OBJC_ROOT_CLASS = YES_ERROR;
				CLANG_WARN_QUOTED_INCLUDE_IN_FRAMEWORK_HEADER = YES;
				CLANG_WARN_RANGE_LOOP_ANALYSIS = YES;
				CLANG_WARN_STRICT_PROTOTYPES = YES;
				CLANG_WARN_SUSPICIOUS_MOVE = YES;
				CLANG_WARN_UNGUARDED_AVAILABILITY = YES_AGGRESSIVE;
				CLANG_WARN_UNREACHABLE_CODE = YES;
				CLANG_WARN__DUPLICATE_METHOD_MATCH = YES;
				COPY_PHASE_STRIP = NO;
				DEBUG_INFORMATION_FORMAT = "dwarf-with-dsym";
				ENABLE_NS_ASSERTIONS = NO;
				ENABLE_STRICT_OBJC_MSGSEND = YES;
				GCC_C_LANGUAGE_STANDARD = gnu11;
				GCC_NO_COMMON_BLOCKS = YES;
				GCC_WARN_64_TO_32_BIT_CONVERSION = YES;
				GCC_WARN_ABOUT_RETURN_TYPE = YES_ERROR;
				GCC_WARN_UNDECLARED_SELECTOR = YES;
				GCC_WARN_UNINITIALIZED_AUTOS = YES_AGGRESSIVE;
				GCC_WARN_UNUSED_FUNCTION = YES;
				GCC_WARN_UNUSED_VARIABLE = YES;
				IPHONEOS_DEPLOYMENT_TARGET = 15.0;
				MTL_ENABLE_DEBUG_INFO = NO;
				MTL_FAST_MATH = YES;
				SDKROOT = iphoneos;
				SWIFT_COMPILATION_MODE = wholemodule;
				SWIFT_OPTIMIZATION_LEVEL = "-O";
				VALIDATE_PRODUCT = YES;
			};
			name = Release;
		};
		04361FA927969FAA0090F31A /* Debug */ = {
			isa = XCBuildConfiguration;
			baseConfigurationReference = 9BEC7909CBA8819964D90C5C /* Pods-KZSwift.debug.xcconfig */;
			buildSettings = {
				ASSETCATALOG_COMPILER_APPICON_NAME = AppIcon;
				ASSETCATALOG_COMPILER_GLOBAL_ACCENT_COLOR_NAME = AccentColor;
				CLANG_ENABLE_MODULES = YES;
				CODE_SIGN_STYLE = Automatic;
				CURRENT_PROJECT_VERSION = 1;
				DEVELOPMENT_TEAM = VF8BPXU5QQ;
				GENERATE_INFOPLIST_FILE = YES;
				INFOPLIST_FILE = KZSwift/Info.plist;
				INFOPLIST_KEY_NSUserTrackingUsageDescription = "该标识符将用于向您投放个性化广告";
				INFOPLIST_KEY_UIApplicationSupportsIndirectInputEvents = YES;
				INFOPLIST_KEY_UILaunchStoryboardName = LaunchScreen;
				INFOPLIST_KEY_UIMainStoryboardFile = Main;
				INFOPLIST_KEY_UISupportedInterfaceOrientations_iPad = "UIInterfaceOrientationPortrait UIInterfaceOrientationPortraitUpsideDown UIInterfaceOrientationLandscapeLeft UIInterfaceOrientationLandscapeRight";
				INFOPLIST_KEY_UISupportedInterfaceOrientations_iPhone = "UIInterfaceOrientationPortrait UIInterfaceOrientationLandscapeLeft UIInterfaceOrientationLandscapeRight";
				IPHONEOS_DEPLOYMENT_TARGET = 12.0;
				LD_RUNPATH_SEARCH_PATHS = (
					"$(inherited)",
					"@executable_path/Frameworks",
				);
				MARKETING_VERSION = 1.0.0;
				PRODUCT_BUNDLE_IDENTIFIER = com.ghostshadow.KZSwift;
				PRODUCT_NAME = "$(TARGET_NAME)";
				SWIFT_EMIT_LOC_STRINGS = YES;
				SWIFT_OBJC_BRIDGING_HEADER = "KZSwift/KZSwift-Bridging-Header.h";
				SWIFT_OPTIMIZATION_LEVEL = "-Onone";
				SWIFT_VERSION = 5.0;
				TARGETED_DEVICE_FAMILY = 1;
			};
			name = Debug;
		};
		04361FAA27969FAA0090F31A /* Release */ = {
			isa = XCBuildConfiguration;
			baseConfigurationReference = F4DA58E411D1FC101EA18608 /* Pods-KZSwift.release.xcconfig */;
			buildSettings = {
				ASSETCATALOG_COMPILER_APPICON_NAME = AppIcon;
				ASSETCATALOG_COMPILER_GLOBAL_ACCENT_COLOR_NAME = AccentColor;
				CLANG_ENABLE_MODULES = YES;
				CODE_SIGN_STYLE = Automatic;
				CURRENT_PROJECT_VERSION = 1;
				DEVELOPMENT_TEAM = VF8BPXU5QQ;
				GENERATE_INFOPLIST_FILE = YES;
				INFOPLIST_FILE = KZSwift/Info.plist;
				INFOPLIST_KEY_NSUserTrackingUsageDescription = "该标识符将用于向您投放个性化广告";
				INFOPLIST_KEY_UIApplicationSupportsIndirectInputEvents = YES;
				INFOPLIST_KEY_UILaunchStoryboardName = LaunchScreen;
				INFOPLIST_KEY_UIMainStoryboardFile = Main;
				INFOPLIST_KEY_UISupportedInterfaceOrientations_iPad = "UIInterfaceOrientationPortrait UIInterfaceOrientationPortraitUpsideDown UIInterfaceOrientationLandscapeLeft UIInterfaceOrientationLandscapeRight";
				INFOPLIST_KEY_UISupportedInterfaceOrientations_iPhone = "UIInterfaceOrientationPortrait UIInterfaceOrientationLandscapeLeft UIInterfaceOrientationLandscapeRight";
				IPHONEOS_DEPLOYMENT_TARGET = 12.0;
				LD_RUNPATH_SEARCH_PATHS = (
					"$(inherited)",
					"@executable_path/Frameworks",
				);
				MARKETING_VERSION = 1.0.0;
				PRODUCT_BUNDLE_IDENTIFIER = com.ghostshadow.KZSwift;
				PRODUCT_NAME = "$(TARGET_NAME)";
				SWIFT_EMIT_LOC_STRINGS = YES;
				SWIFT_OBJC_BRIDGING_HEADER = "KZSwift/KZSwift-Bridging-Header.h";
				SWIFT_VERSION = 5.0;
				TARGETED_DEVICE_FAMILY = 1;
			};
			name = Release;
		};
/* End XCBuildConfiguration section */

/* Begin XCConfigurationList section */
		04361F8F27969FA90090F31A /* Build configuration list for PBXProject "KZSwift" */ = {
			isa = XCConfigurationList;
			buildConfigurations = (
				04361FA627969FAA0090F31A /* Debug */,
				04361FA727969FAA0090F31A /* Release */,
			);
			defaultConfigurationIsVisible = 0;
			defaultConfigurationName = Release;
		};
		04361FA827969FAA0090F31A /* Build configuration list for PBXNativeTarget "KZSwift" */ = {
			isa = XCConfigurationList;
			buildConfigurations = (
				04361FA927969FAA0090F31A /* Debug */,
				04361FAA27969FAA0090F31A /* Release */,
			);
			defaultConfigurationIsVisible = 0;
			defaultConfigurationName = Release;
		};
/* End XCConfigurationList section */
	};
	rootObject = 04361F8C27969FA90090F31A /* Project object */;
}
